// !$*UTF8*$!
{
	archiveVersion = 1;
	classes = {
	};
	objectVersion = 46;
	objects = {

/* Begin PBXBuildFile section */
		6A22D9EC1C281AA800B462CD /* iToast.m in Sources */ = {isa = PBXBuildFile; fileRef = 6A22D9EB1C281AA800B462CD /* iToast.m */; };
		6A3B274D1B0B5BBD006E5AC4 /* AudioToolbox.framework in Frameworks */ = {isa = PBXBuildFile; fileRef = 6ACB41D31AD14E2200A917D6 /* AudioToolbox.framework */; };
		6A3B27501B0B5BBD006E5AC4 /* Accounts.framework in Frameworks */ = {isa = PBXBuildFile; fileRef = 6A3B274E1B0B5BBD006E5AC4 /* Accounts.framework */; };
		6A3B27511B0B5BBD006E5AC4 /* AdSupport.framework in Frameworks */ = {isa = PBXBuildFile; fileRef = 6A3B274F1B0B5BBD006E5AC4 /* AdSupport.framework */; };
		6A3B27531B0B5BD2006E5AC4 /* Social.framework in Frameworks */ = {isa = PBXBuildFile; fileRef = 6A3B27521B0B5BD2006E5AC4 /* Social.framework */; };
		6A3B27541B0B5BDB006E5AC4 /* CFNetwork.framework in Frameworks */ = {isa = PBXBuildFile; fileRef = 6ACB41F11AD1501100A917D6 /* CFNetwork.framework */; };
		6A3B27551B0B5BE7006E5AC4 /* CoreGraphics.framework in Frameworks */ = {isa = PBXBuildFile; fileRef = 6ACB41E51AD14FBF00A917D6 /* CoreGraphics.framework */; };
		6A3B27561B0B5BED006E5AC4 /* CoreLocation.framework in Frameworks */ = {isa = PBXBuildFile; fileRef = 6ACB41E11AD14FAD00A917D6 /* CoreLocation.framework */; };
		6A3B27571B0B5BF9006E5AC4 /* Foundation.framework in Frameworks */ = {isa = PBXBuildFile; fileRef = 6ACB41F51AD1502100A917D6 /* Foundation.framework */; };
		6A3B275A1B0B5C31006E5AC4 /* libz.1.1.3.dylib in Frameworks */ = {isa = PBXBuildFile; fileRef = 6ACB41E91AD14FD700A917D6 /* libz.1.1.3.dylib */; };
		6A3B275B1B0B5C3E006E5AC4 /* libstdc++.6.dylib in Frameworks */ = {isa = PBXBuildFile; fileRef = 6ACB41DF1AD14FA000A917D6 /* libstdc++.6.dylib */; };
		6A3B275C1B0B5C4A006E5AC4 /* MobileCoreServices.framework in Frameworks */ = {isa = PBXBuildFile; fileRef = 6ACB41ED1AD14FFA00A917D6 /* MobileCoreServices.framework */; };
		6A3B275D1B0B5C62006E5AC4 /* Security.framework in Frameworks */ = {isa = PBXBuildFile; fileRef = 6ACB41EB1AD14FE600A917D6 /* Security.framework */; };
		6A3B275E1B0B5C68006E5AC4 /* StoreKit.framework in Frameworks */ = {isa = PBXBuildFile; fileRef = 6ACB41E31AD14FB300A917D6 /* StoreKit.framework */; };
		6A3B275F1B0B5C74006E5AC4 /* SystemConfiguration.framework in Frameworks */ = {isa = PBXBuildFile; fileRef = 6ACB41EF1AD1500700A917D6 /* SystemConfiguration.framework */; };
		6A3B27781B0B5C9F006E5AC4 /* UIKit.framework in Frameworks */ = {isa = PBXBuildFile; fileRef = 6A3B27601B0B5C9F006E5AC4 /* UIKit.framework */; };
		6A3B27791B0B5C9F006E5AC4 /* SystemConfiguration.framework in Frameworks */ = {isa = PBXBuildFile; fileRef = 6A3B27611B0B5C9F006E5AC4 /* SystemConfiguration.framework */; };
		6A3B277A1B0B5C9F006E5AC4 /* StoreKit.framework in Frameworks */ = {isa = PBXBuildFile; fileRef = 6A3B27621B0B5C9F006E5AC4 /* StoreKit.framework */; };
		6A3B277B1B0B5C9F006E5AC4 /* Security.framework in Frameworks */ = {isa = PBXBuildFile; fileRef = 6A3B27631B0B5C9F006E5AC4 /* Security.framework */; };
		6A3B277C1B0B5C9F006E5AC4 /* QuartzCore.framework in Frameworks */ = {isa = PBXBuildFile; fileRef = 6A3B27641B0B5C9F006E5AC4 /* QuartzCore.framework */; };
		6A3B277D1B0B5C9F006E5AC4 /* MobileCoreServices.framework in Frameworks */ = {isa = PBXBuildFile; fileRef = 6A3B27651B0B5C9F006E5AC4 /* MobileCoreServices.framework */; };
		6A3B277E1B0B5C9F006E5AC4 /* libstdc++.6.dylib in Frameworks */ = {isa = PBXBuildFile; fileRef = 6A3B27661B0B5C9F006E5AC4 /* libstdc++.6.dylib */; };
		6A3B277F1B0B5C9F006E5AC4 /* libz.1.1.3.dylib in Frameworks */ = {isa = PBXBuildFile; fileRef = 6A3B27671B0B5C9F006E5AC4 /* libz.1.1.3.dylib */; };
		6A3B27801B0B5C9F006E5AC4 /* libsqlite3.dylib in Frameworks */ = {isa = PBXBuildFile; fileRef = 6A3B27681B0B5C9F006E5AC4 /* libsqlite3.dylib */; };
		6A3B27811B0B5C9F006E5AC4 /* Foundation.framework in Frameworks */ = {isa = PBXBuildFile; fileRef = 6A3B27691B0B5C9F006E5AC4 /* Foundation.framework */; };
		6A3B27821B0B5C9F006E5AC4 /* CoreLocation.framework in Frameworks */ = {isa = PBXBuildFile; fileRef = 6A3B276A1B0B5C9F006E5AC4 /* CoreLocation.framework */; };
		6A3B27831B0B5C9F006E5AC4 /* CoreGraphics.framework in Frameworks */ = {isa = PBXBuildFile; fileRef = 6A3B276B1B0B5C9F006E5AC4 /* CoreGraphics.framework */; };
		6A3B27841B0B5C9F006E5AC4 /* CFNetwork.framework in Frameworks */ = {isa = PBXBuildFile; fileRef = 6A3B276C1B0B5C9F006E5AC4 /* CFNetwork.framework */; };
		6A3B27851B0B5C9F006E5AC4 /* Social.framework in Frameworks */ = {isa = PBXBuildFile; fileRef = 6A3B276D1B0B5C9F006E5AC4 /* Social.framework */; };
		6A3B27861B0B5C9F006E5AC4 /* Accounts.framework in Frameworks */ = {isa = PBXBuildFile; fileRef = 6A3B276E1B0B5C9F006E5AC4 /* Accounts.framework */; };
		6A3B27871B0B5C9F006E5AC4 /* AdSupport.framework in Frameworks */ = {isa = PBXBuildFile; fileRef = 6A3B276F1B0B5C9F006E5AC4 /* AdSupport.framework */; };
		6A3B27881B0B5C9F006E5AC4 /* AudioToolbox.framework in Frameworks */ = {isa = PBXBuildFile; fileRef = 6A3B27701B0B5C9F006E5AC4 /* AudioToolbox.framework */; };
		6A3B27891B0B5C9F006E5AC4 /* MessageUI.framework in Frameworks */ = {isa = PBXBuildFile; fileRef = 6A3B27711B0B5C9F006E5AC4 /* MessageUI.framework */; };
		6A7931E31AC998D5006E6345 /* main.m in Sources */ = {isa = PBXBuildFile; fileRef = 6A7931E21AC998D5006E6345 /* main.m */; };
		6A7931E61AC998D5006E6345 /* AppDelegate.m in Sources */ = {isa = PBXBuildFile; fileRef = 6A7931E51AC998D5006E6345 /* AppDelegate.m */; };
		6A7931EC1AC998D5006E6345 /* Main.storyboard in Resources */ = {isa = PBXBuildFile; fileRef = 6A7931EA1AC998D5006E6345 /* Main.storyboard */; };
		6A7931EE1AC998D5006E6345 /* Images.xcassets in Resources */ = {isa = PBXBuildFile; fileRef = 6A7931ED1AC998D5006E6345 /* Images.xcassets */; };
		6A7931F11AC998D5006E6345 /* LaunchScreen.xib in Resources */ = {isa = PBXBuildFile; fileRef = 6A7931EF1AC998D5006E6345 /* LaunchScreen.xib */; };
		6A7931FD1AC998D5006E6345 /* AutoOmegleTests.m in Sources */ = {isa = PBXBuildFile; fileRef = 6A7931FC1AC998D5006E6345 /* AutoOmegleTests.m */; };
		6A79324D1AC999C0006E6345 /* BaseView.m in Sources */ = {isa = PBXBuildFile; fileRef = 6A7932391AC999C0006E6345 /* BaseView.m */; };
		6A79324E1AC999C0006E6345 /* BaseViewController.m in Sources */ = {isa = PBXBuildFile; fileRef = 6A79323B1AC999C0006E6345 /* BaseViewController.m */; };
		6A79324F1AC999C0006E6345 /* CCAlertView.m in Sources */ = {isa = PBXBuildFile; fileRef = 6A79323D1AC999C0006E6345 /* CCAlertView.m */; };
		6A7932501AC999C0006E6345 /* CCBaseView.m in Sources */ = {isa = PBXBuildFile; fileRef = 6A79323F1AC999C0006E6345 /* CCBaseView.m */; };
		6A7932511AC999C0006E6345 /* CCBaseViewController.m in Sources */ = {isa = PBXBuildFile; fileRef = 6A7932411AC999C0006E6345 /* CCBaseViewController.m */; };
		6A7932521AC999C0006E6345 /* CCWindow.m in Sources */ = {isa = PBXBuildFile; fileRef = 6A7932431AC999C0006E6345 /* CCWindow.m */; };
		6A7932531AC999C0006E6345 /* MainViewController.m in Sources */ = {isa = PBXBuildFile; fileRef = 6A7932451AC999C0006E6345 /* MainViewController.m */; };
		6A7932551AC999C0006E6345 /* Reachability.m in Sources */ = {isa = PBXBuildFile; fileRef = 6A79324A1AC999C0006E6345 /* Reachability.m */; };
		6A7932561AC999C0006E6345 /* TTTAttributedLabel.m in Sources */ = {isa = PBXBuildFile; fileRef = 6A79324C1AC999C0006E6345 /* TTTAttributedLabel.m */; };
		6A8DC91B1C2E2C3600E120C7 /* sendBold.png in Resources */ = {isa = PBXBuildFile; fileRef = 6A8DC9171C2E2C3600E120C7 /* sendBold.png */; };
		6A8DC91C1C2E2C3600E120C7 /* sendLight.png in Resources */ = {isa = PBXBuildFile; fileRef = 6A8DC9181C2E2C3600E120C7 /* sendLight.png */; };
		6A8DC91D1C2E2C3600E120C7 /* templateBold.png in Resources */ = {isa = PBXBuildFile; fileRef = 6A8DC9191C2E2C3600E120C7 /* templateBold.png */; };
		6A8DC91E1C2E2C3600E120C7 /* templateLight.png in Resources */ = {isa = PBXBuildFile; fileRef = 6A8DC91A1C2E2C3600E120C7 /* templateLight.png */; };
		6A8DC9201C2E2F4100E120C7 /* list.png in Resources */ = {isa = PBXBuildFile; fileRef = 6A8DC91F1C2E2F4100E120C7 /* list.png */; };
		6A8DC9291C2E426B00E120C7 /* chatlogs.png in Resources */ = {isa = PBXBuildFile; fileRef = 6A8DC9211C2E426B00E120C7 /* chatlogs.png */; };
		6A8DC92A1C2E426B00E120C7 /* chatsettings.png in Resources */ = {isa = PBXBuildFile; fileRef = 6A8DC9221C2E426B00E120C7 /* chatsettings.png */; };
		6A8DC92B1C2E426B00E120C7 /* chatting.png in Resources */ = {isa = PBXBuildFile; fileRef = 6A8DC9231C2E426B00E120C7 /* chatting.png */; };
		6A8DC92C1C2E426B00E120C7 /* edittemplate.png in Resources */ = {isa = PBXBuildFile; fileRef = 6A8DC9241C2E426B00E120C7 /* edittemplate.png */; };
		6A8DC92E1C2E426B00E120C7 /* mailing.png in Resources */ = {isa = PBXBuildFile; fileRef = 6A8DC9261C2E426B00E120C7 /* mailing.png */; };
		6A8DC92F1C2E426B00E120C7 /* sharing.png in Resources */ = {isa = PBXBuildFile; fileRef = 6A8DC9271C2E426B00E120C7 /* sharing.png */; };
		6A8DC9301C2E426B00E120C7 /* statistics.png in Resources */ = {isa = PBXBuildFile; fileRef = 6A8DC9281C2E426B00E120C7 /* statistics.png */; };
		6ACB41E81AD14FCD00A917D6 /* QuartzCore.framework in Frameworks */ = {isa = PBXBuildFile; fileRef = 6ACB41E71AD14FCD00A917D6 /* QuartzCore.framework */; };
		6ACB41F41AD1501B00A917D6 /* UIKit.framework in Frameworks */ = {isa = PBXBuildFile; fileRef = 6ACB41F31AD1501B00A917D6 /* UIKit.framework */; };
		6ACB422B1AD1521100A917D6 /* ViewController.m in Sources */ = {isa = PBXBuildFile; fileRef = 6ACB422A1AD1521100A917D6 /* ViewController.m */; };
		6ACB42331AD1A7AE00A917D6 /* MessageUI.framework in Frameworks */ = {isa = PBXBuildFile; fileRef = 6ACB42321AD1A7AE00A917D6 /* MessageUI.framework */; };
		6AE712871C31E00C005BF72D /* boring.png in Resources */ = {isa = PBXBuildFile; fileRef = 6AE712861C31E00C005BF72D /* boring.png */; };
		6AF31D641ACE6C9D00035887 /* OmegleTextBox.m in Sources */ = {isa = PBXBuildFile; fileRef = 6AF31D631ACE6C9D00035887 /* OmegleTextBox.m */; };
		6AF31E7E1ACE8D9E00035887 /* AppData.m in Sources */ = {isa = PBXBuildFile; fileRef = 6AF31D7F1ACE8D9E00035887 /* AppData.m */; };
		6AF31E7F1ACE8D9E00035887 /* MenuList.m in Sources */ = {isa = PBXBuildFile; fileRef = 6AF31D811ACE8D9E00035887 /* MenuList.m */; };
		6AF31E801ACE8D9E00035887 /* MenuView.m in Sources */ = {isa = PBXBuildFile; fileRef = 6AF31D831ACE8D9E00035887 /* MenuView.m */; };
		6AF31E811ACE8D9E00035887 /* add@2x.png in Resources */ = {isa = PBXBuildFile; fileRef = 6AF31D871ACE8D9E00035887 /* add@2x.png */; };
		6AF31E821ACE8D9E00035887 /* back@2x.png in Resources */ = {isa = PBXBuildFile; fileRef = 6AF31D881ACE8D9E00035887 /* back@2x.png */; };
		6AF31E831ACE8D9E00035887 /* btn_close@2x.png in Resources */ = {isa = PBXBuildFile; fileRef = 6AF31D891ACE8D9E00035887 /* btn_close@2x.png */; };
		6AF31E871ACE8D9E00035887 /* settings@2x.png in Resources */ = {isa = PBXBuildFile; fileRef = 6AF31D8D1ACE8D9E00035887 /* settings@2x.png */; };
		6AF31E8C1ACE8D9E00035887 /* Default@2x.png in Resources */ = {isa = PBXBuildFile; fileRef = 6AF31D921ACE8D9E00035887 /* Default@2x.png */; };
		6AF31E8D1ACE8D9E00035887 /* delete@2x.png in Resources */ = {isa = PBXBuildFile; fileRef = 6AF31D931ACE8D9E00035887 /* delete@2x.png */; };
		6AF31E8E1ACE8D9E00035887 /* detail_arrow_white@2x.png in Resources */ = {isa = PBXBuildFile; fileRef = 6AF31D941ACE8D9E00035887 /* detail_arrow_white@2x.png */; };
		6AF31E951ACE8D9E00035887 /* info@2x.png in Resources */ = {isa = PBXBuildFile; fileRef = 6AF31D9B1ACE8D9E00035887 /* info@2x.png */; };
		6AF31E961ACE8D9E00035887 /* more_arrow@2x.png in Resources */ = {isa = PBXBuildFile; fileRef = 6AF31D9C1ACE8D9E00035887 /* more_arrow@2x.png */; };
		6AF31E971ACE8D9E00035887 /* moremenu@2x.png in Resources */ = {isa = PBXBuildFile; fileRef = 6AF31D9D1ACE8D9E00035887 /* moremenu@2x.png */; };
		6AF31E9A1ACE8D9E00035887 /* refresh@2x.png in Resources */ = {isa = PBXBuildFile; fileRef = 6AF31DA01ACE8D9E00035887 /* refresh@2x.png */; };
		6AF31E9B1ACE8D9E00035887 /* search@2x.png in Resources */ = {isa = PBXBuildFile; fileRef = 6AF31DA11ACE8D9E00035887 /* search@2x.png */; };
		6AF31E9F1ACE8D9E00035887 /* uparrow@2x.png in Resources */ = {isa = PBXBuildFile; fileRef = 6AF31DA51ACE8D9E00035887 /* uparrow@2x.png */; };
		6AF31EA11ACE8D9E00035887 /* add@3x.png in Resources */ = {isa = PBXBuildFile; fileRef = 6AF31DA81ACE8D9E00035887 /* add@3x.png */; };
		6AF31EA21ACE8D9E00035887 /* back@3x.png in Resources */ = {isa = PBXBuildFile; fileRef = 6AF31DA91ACE8D9E00035887 /* back@3x.png */; };
		6AF31EA31ACE8D9E00035887 /* btn_close@3x.png in Resources */ = {isa = PBXBuildFile; fileRef = 6AF31DAA1ACE8D9E00035887 /* btn_close@3x.png */; };
		6AF31EA61ACE8D9E00035887 /* settings@3x.png in Resources */ = {isa = PBXBuildFile; fileRef = 6AF31DAD1ACE8D9E00035887 /* settings@3x.png */; };
		6AF31EAB1ACE8D9E00035887 /* Default@3x.png in Resources */ = {isa = PBXBuildFile; fileRef = 6AF31DB21ACE8D9E00035887 /* Default@3x.png */; };
		6AF31EAC1ACE8D9E00035887 /* delete@3x.png in Resources */ = {isa = PBXBuildFile; fileRef = 6AF31DB31ACE8D9E00035887 /* delete@3x.png */; };
		6AF31EAD1ACE8D9E00035887 /* detail_arrow@3x.png in Resources */ = {isa = PBXBuildFile; fileRef = 6AF31DB41ACE8D9E00035887 /* detail_arrow@3x.png */; };
		6AF31EB51ACE8D9E00035887 /* mnu_info@3x.png in Resources */ = {isa = PBXBuildFile; fileRef = 6AF31DBC1ACE8D9E00035887 /* mnu_info@3x.png */; };
		6AF31EB61ACE8D9E00035887 /* moremenu@3x.png in Resources */ = {isa = PBXBuildFile; fileRef = 6AF31DBD1ACE8D9E00035887 /* moremenu@3x.png */; };
		6AF31EB91ACE8D9E00035887 /* refresh@3x.png in Resources */ = {isa = PBXBuildFile; fileRef = 6AF31DC01ACE8D9E00035887 /* refresh@3x.png */; };
		6AF31EBA1ACE8D9E00035887 /* search@3x.png in Resources */ = {isa = PBXBuildFile; fileRef = 6AF31DC11ACE8D9E00035887 /* search@3x.png */; };
		6AF31EBF1ACE8D9E00035887 /* uparrow@3x.png in Resources */ = {isa = PBXBuildFile; fileRef = 6AF31DC61ACE8D9E00035887 /* uparrow@3x.png */; };
		6AF31EC11ACE8D9E00035887 /* add.png in Resources */ = {isa = PBXBuildFile; fileRef = 6AF31DC81ACE8D9E00035887 /* add.png */; };
		6AF31EC21ACE8D9E00035887 /* back.png in Resources */ = {isa = PBXBuildFile; fileRef = 6AF31DC91ACE8D9E00035887 /* back.png */; };
		6AF31EC31ACE8D9E00035887 /* btn_close.png in Resources */ = {isa = PBXBuildFile; fileRef = 6AF31DCA1ACE8D9E00035887 /* btn_close.png */; };
		6AF31EC71ACE8D9E00035887 /* settings.png in Resources */ = {isa = PBXBuildFile; fileRef = 6AF31DCE1ACE8D9E00035887 /* settings.png */; };
		6AF31ECC1ACE8D9E00035887 /* Deafult.png in Resources */ = {isa = PBXBuildFile; fileRef = 6AF31DD31ACE8D9E00035887 /* Deafult.png */; };
		6AF31ECD1ACE8D9E00035887 /* delete.png in Resources */ = {isa = PBXBuildFile; fileRef = 6AF31DD41ACE8D9E00035887 /* delete.png */; };
		6AF31ECE1ACE8D9E00035887 /* detail_arrow_white.png in Resources */ = {isa = PBXBuildFile; fileRef = 6AF31DD51ACE8D9E00035887 /* detail_arrow_white.png */; };
		6AF31ED51ACE8D9E00035887 /* icn_send.png in Resources */ = {isa = PBXBuildFile; fileRef = 6AF31DDC1ACE8D9E00035887 /* icn_send.png */; };
		6AF31ED61ACE8D9E00035887 /* info.png in Resources */ = {isa = PBXBuildFile; fileRef = 6AF31DDD1ACE8D9E00035887 /* info.png */; };
		6AF31ED71ACE8D9E00035887 /* more_arrow.png in Resources */ = {isa = PBXBuildFile; fileRef = 6AF31DDE1ACE8D9E00035887 /* more_arrow.png */; };
		6AF31ED81ACE8D9E00035887 /* moremenu.png in Resources */ = {isa = PBXBuildFile; fileRef = 6AF31DDF1ACE8D9E00035887 /* moremenu.png */; };
		6AF31EDB1ACE8D9E00035887 /* refresh.png in Resources */ = {isa = PBXBuildFile; fileRef = 6AF31DE21ACE8D9E00035887 /* refresh.png */; };
		6AF31EDC1ACE8D9E00035887 /* search.png in Resources */ = {isa = PBXBuildFile; fileRef = 6AF31DE31ACE8D9E00035887 /* search.png */; };
		6AF31EDD1ACE8D9E00035887 /* success.png in Resources */ = {isa = PBXBuildFile; fileRef = 6AF31DE41ACE8D9E00035887 /* success.png */; };
		6AF31EE01ACE8D9E00035887 /* uparrow.png in Resources */ = {isa = PBXBuildFile; fileRef = 6AF31DE71ACE8D9E00035887 /* uparrow.png */; };
		6AF31F4D1ACE8D9E00035887 /* ChatHomeView.m in Sources */ = {isa = PBXBuildFile; fileRef = 6AF31E5D1ACE8D9E00035887 /* ChatHomeView.m */; };
		6AF31F4E1ACE8D9E00035887 /* ChatHomeViewController.m in Sources */ = {isa = PBXBuildFile; fileRef = 6AF31E5F1ACE8D9E00035887 /* ChatHomeViewController.m */; };
		6AF31F4F1ACE8D9E00035887 /* ChatLogsView.m in Sources */ = {isa = PBXBuildFile; fileRef = 6AF31E621ACE8D9E00035887 /* ChatLogsView.m */; };
		6AF31F501ACE8D9E00035887 /* ChatLogsViewController.m in Sources */ = {isa = PBXBuildFile; fileRef = 6AF31E641ACE8D9E00035887 /* ChatLogsViewController.m */; };
		6AF31F511ACE8D9E00035887 /* BoringView.m in Sources */ = {isa = PBXBuildFile; fileRef = 6AF31E671ACE8D9E00035887 /* BoringView.m */; };
		6AF31F521ACE8D9E00035887 /* BoringViewController.m in Sources */ = {isa = PBXBuildFile; fileRef = 6AF31E691ACE8D9E00035887 /* BoringViewController.m */; };
		6AF31F531ACE8D9E00035887 /* SettingsView.m in Sources */ = {isa = PBXBuildFile; fileRef = 6AF31E6C1ACE8D9E00035887 /* SettingsView.m */; };
		6AF31F541ACE8D9E00035887 /* SettingsViewController.m in Sources */ = {isa = PBXBuildFile; fileRef = 6AF31E6E1ACE8D9E00035887 /* SettingsViewController.m */; };
		6AF31F551ACE8D9E00035887 /* ShareView.m in Sources */ = {isa = PBXBuildFile; fileRef = 6AF31E711ACE8D9E00035887 /* ShareView.m */; };
		6AF31F561ACE8D9E00035887 /* ShareViewController.m in Sources */ = {isa = PBXBuildFile; fileRef = 6AF31E731ACE8D9E00035887 /* ShareViewController.m */; };
		6AF31F571ACE8D9E00035887 /* StatisticsView.m in Sources */ = {isa = PBXBuildFile; fileRef = 6AF31E761ACE8D9E00035887 /* StatisticsView.m */; };
		6AF31F581ACE8D9E00035887 /* StatisticsViewController.m in Sources */ = {isa = PBXBuildFile; fileRef = 6AF31E781ACE8D9E00035887 /* StatisticsViewController.m */; };
		6AF31F591ACE8D9E00035887 /* SuggestionView.m in Sources */ = {isa = PBXBuildFile; fileRef = 6AF31E7B1ACE8D9E00035887 /* SuggestionView.m */; };
		6AF31F5A1ACE8D9E00035887 /* SuggestionViewController.m in Sources */ = {isa = PBXBuildFile; fileRef = 6AF31E7D1ACE8D9E00035887 /* SuggestionViewController.m */; };
		6AF31F5E1ACE8F4000035887 /* TemplateViewController.m in Sources */ = {isa = PBXBuildFile; fileRef = 6AF31F5D1ACE8F4000035887 /* TemplateViewController.m */; };
		6AF31F611ACE8F6300035887 /* TemplateView.m in Sources */ = {isa = PBXBuildFile; fileRef = 6AF31F601ACE8F6300035887 /* TemplateView.m */; };
		C3A1938BBE2D411BEA81A632 /* libPods-AutoOmegle.a in Frameworks */ = {isa = PBXBuildFile; fileRef = C1C65E203CCB590CB5A92B3D /* libPods-AutoOmegle.a */; };
/* End PBXBuildFile section */

/* Begin PBXContainerItemProxy section */
		6A7931F71AC998D5006E6345 /* PBXContainerItemProxy */ = {
			isa = PBXContainerItemProxy;
			containerPortal = 6A7931D51AC998D5006E6345 /* Project object */;
			proxyType = 1;
			remoteGlobalIDString = 6A7931DC1AC998D5006E6345;
			remoteInfo = AutoOmegle;
		};
/* End PBXContainerItemProxy section */

/* Begin PBXFileReference section */
		6A22D9EA1C281AA800B462CD /* iToast.h */ = {isa = PBXFileReference; fileEncoding = 4; lastKnownFileType = sourcecode.c.h; path = iToast.h; sourceTree = "<group>"; };
		6A22D9EB1C281AA800B462CD /* iToast.m */ = {isa = PBXFileReference; fileEncoding = 4; lastKnownFileType = sourcecode.c.objc; path = iToast.m; sourceTree = "<group>"; };
		6A3B274E1B0B5BBD006E5AC4 /* Accounts.framework */ = {isa = PBXFileReference; lastKnownFileType = wrapper.framework; name = Accounts.framework; path = System/Library/Frameworks/Accounts.framework; sourceTree = SDKROOT; };
		6A3B274F1B0B5BBD006E5AC4 /* AdSupport.framework */ = {isa = PBXFileReference; lastKnownFileType = wrapper.framework; name = AdSupport.framework; path = System/Library/Frameworks/AdSupport.framework; sourceTree = SDKROOT; };
		6A3B27521B0B5BD2006E5AC4 /* Social.framework */ = {isa = PBXFileReference; lastKnownFileType = wrapper.framework; name = Social.framework; path = System/Library/Frameworks/Social.framework; sourceTree = SDKROOT; };
		6A3B27601B0B5C9F006E5AC4 /* UIKit.framework */ = {isa = PBXFileReference; lastKnownFileType = wrapper.framework; name = UIKit.framework; path = System/Library/Frameworks/UIKit.framework; sourceTree = SDKROOT; };
		6A3B27611B0B5C9F006E5AC4 /* SystemConfiguration.framework */ = {isa = PBXFileReference; lastKnownFileType = wrapper.framework; name = SystemConfiguration.framework; path = System/Library/Frameworks/SystemConfiguration.framework; sourceTree = SDKROOT; };
		6A3B27621B0B5C9F006E5AC4 /* StoreKit.framework */ = {isa = PBXFileReference; lastKnownFileType = wrapper.framework; name = StoreKit.framework; path = System/Library/Frameworks/StoreKit.framework; sourceTree = SDKROOT; };
		6A3B27631B0B5C9F006E5AC4 /* Security.framework */ = {isa = PBXFileReference; lastKnownFileType = wrapper.framework; name = Security.framework; path = System/Library/Frameworks/Security.framework; sourceTree = SDKROOT; };
		6A3B27641B0B5C9F006E5AC4 /* QuartzCore.framework */ = {isa = PBXFileReference; lastKnownFileType = wrapper.framework; name = QuartzCore.framework; path = System/Library/Frameworks/QuartzCore.framework; sourceTree = SDKROOT; };
		6A3B27651B0B5C9F006E5AC4 /* MobileCoreServices.framework */ = {isa = PBXFileReference; lastKnownFileType = wrapper.framework; name = MobileCoreServices.framework; path = System/Library/Frameworks/MobileCoreServices.framework; sourceTree = SDKROOT; };
		6A3B27661B0B5C9F006E5AC4 /* libstdc++.6.dylib */ = {isa = PBXFileReference; lastKnownFileType = "compiled.mach-o.dylib"; name = "libstdc++.6.dylib"; path = "usr/lib/libstdc++.6.dylib"; sourceTree = SDKROOT; };
		6A3B27671B0B5C9F006E5AC4 /* libz.1.1.3.dylib */ = {isa = PBXFileReference; lastKnownFileType = "compiled.mach-o.dylib"; name = libz.1.1.3.dylib; path = usr/lib/libz.1.1.3.dylib; sourceTree = SDKROOT; };
		6A3B27681B0B5C9F006E5AC4 /* libsqlite3.dylib */ = {isa = PBXFileReference; lastKnownFileType = "compiled.mach-o.dylib"; name = libsqlite3.dylib; path = usr/lib/libsqlite3.dylib; sourceTree = SDKROOT; };
		6A3B27691B0B5C9F006E5AC4 /* Foundation.framework */ = {isa = PBXFileReference; lastKnownFileType = wrapper.framework; name = Foundation.framework; path = System/Library/Frameworks/Foundation.framework; sourceTree = SDKROOT; };
		6A3B276A1B0B5C9F006E5AC4 /* CoreLocation.framework */ = {isa = PBXFileReference; lastKnownFileType = wrapper.framework; name = CoreLocation.framework; path = System/Library/Frameworks/CoreLocation.framework; sourceTree = SDKROOT; };
		6A3B276B1B0B5C9F006E5AC4 /* CoreGraphics.framework */ = {isa = PBXFileReference; lastKnownFileType = wrapper.framework; name = CoreGraphics.framework; path = System/Library/Frameworks/CoreGraphics.framework; sourceTree = SDKROOT; };
		6A3B276C1B0B5C9F006E5AC4 /* CFNetwork.framework */ = {isa = PBXFileReference; lastKnownFileType = wrapper.framework; name = CFNetwork.framework; path = System/Library/Frameworks/CFNetwork.framework; sourceTree = SDKROOT; };
		6A3B276D1B0B5C9F006E5AC4 /* Social.framework */ = {isa = PBXFileReference; lastKnownFileType = wrapper.framework; name = Social.framework; path = System/Library/Frameworks/Social.framework; sourceTree = SDKROOT; };
		6A3B276E1B0B5C9F006E5AC4 /* Accounts.framework */ = {isa = PBXFileReference; lastKnownFileType = wrapper.framework; name = Accounts.framework; path = System/Library/Frameworks/Accounts.framework; sourceTree = SDKROOT; };
		6A3B276F1B0B5C9F006E5AC4 /* AdSupport.framework */ = {isa = PBXFileReference; lastKnownFileType = wrapper.framework; name = AdSupport.framework; path = System/Library/Frameworks/AdSupport.framework; sourceTree = SDKROOT; };
		6A3B27701B0B5C9F006E5AC4 /* AudioToolbox.framework */ = {isa = PBXFileReference; lastKnownFileType = wrapper.framework; name = AudioToolbox.framework; path = System/Library/Frameworks/AudioToolbox.framework; sourceTree = SDKROOT; };
		6A3B27711B0B5C9F006E5AC4 /* MessageUI.framework */ = {isa = PBXFileReference; lastKnownFileType = wrapper.framework; name = MessageUI.framework; path = System/Library/Frameworks/MessageUI.framework; sourceTree = SDKROOT; };
		6A7931DD1AC998D5006E6345 /* AutoOmegle.app */ = {isa = PBXFileReference; explicitFileType = wrapper.application; includeInIndex = 0; path = AutoOmegle.app; sourceTree = BUILT_PRODUCTS_DIR; };
		6A7931E11AC998D5006E6345 /* Info.plist */ = {isa = PBXFileReference; lastKnownFileType = text.plist.xml; path = Info.plist; sourceTree = "<group>"; };
		6A7931E21AC998D5006E6345 /* main.m */ = {isa = PBXFileReference; lastKnownFileType = sourcecode.c.objc; path = main.m; sourceTree = "<group>"; };
		6A7931E41AC998D5006E6345 /* AppDelegate.h */ = {isa = PBXFileReference; lastKnownFileType = sourcecode.c.h; path = AppDelegate.h; sourceTree = "<group>"; };
		6A7931E51AC998D5006E6345 /* AppDelegate.m */ = {isa = PBXFileReference; lastKnownFileType = sourcecode.c.objc; path = AppDelegate.m; sourceTree = "<group>"; };
		6A7931EB1AC998D5006E6345 /* Base */ = {isa = PBXFileReference; lastKnownFileType = file.storyboard; name = Base; path = Base.lproj/Main.storyboard; sourceTree = "<group>"; };
		6A7931ED1AC998D5006E6345 /* Images.xcassets */ = {isa = PBXFileReference; lastKnownFileType = folder.assetcatalog; path = Images.xcassets; sourceTree = "<group>"; };
		6A7931F01AC998D5006E6345 /* Base */ = {isa = PBXFileReference; lastKnownFileType = file.xib; name = Base; path = Base.lproj/LaunchScreen.xib; sourceTree = "<group>"; };
		6A7931F61AC998D5006E6345 /* AutoOmegleTests.xctest */ = {isa = PBXFileReference; explicitFileType = wrapper.cfbundle; includeInIndex = 0; path = AutoOmegleTests.xctest; sourceTree = BUILT_PRODUCTS_DIR; };
		6A7931FB1AC998D5006E6345 /* Info.plist */ = {isa = PBXFileReference; lastKnownFileType = text.plist.xml; path = Info.plist; sourceTree = "<group>"; };
		6A7931FC1AC998D5006E6345 /* AutoOmegleTests.m */ = {isa = PBXFileReference; lastKnownFileType = sourcecode.c.objc; path = AutoOmegleTests.m; sourceTree = "<group>"; };
		6A7932141AC99938006E6345 /* GAI.h */ = {isa = PBXFileReference; fileEncoding = 4; lastKnownFileType = sourcecode.c.h; path = GAI.h; sourceTree = "<group>"; };
		6A7932151AC99938006E6345 /* GAIDictionaryBuilder.h */ = {isa = PBXFileReference; fileEncoding = 4; lastKnownFileType = sourcecode.c.h; path = GAIDictionaryBuilder.h; sourceTree = "<group>"; };
		6A7932161AC99938006E6345 /* GAIEcommerceFields.h */ = {isa = PBXFileReference; fileEncoding = 4; lastKnownFileType = sourcecode.c.h; path = GAIEcommerceFields.h; sourceTree = "<group>"; };
		6A7932171AC99938006E6345 /* GAIEcommerceProduct.h */ = {isa = PBXFileReference; fileEncoding = 4; lastKnownFileType = sourcecode.c.h; path = GAIEcommerceProduct.h; sourceTree = "<group>"; };
		6A7932181AC99938006E6345 /* GAIEcommerceProductAction.h */ = {isa = PBXFileReference; fileEncoding = 4; lastKnownFileType = sourcecode.c.h; path = GAIEcommerceProductAction.h; sourceTree = "<group>"; };
		6A7932191AC99938006E6345 /* GAIEcommercePromotion.h */ = {isa = PBXFileReference; fileEncoding = 4; lastKnownFileType = sourcecode.c.h; path = GAIEcommercePromotion.h; sourceTree = "<group>"; };
		6A79321A1AC99938006E6345 /* GAIFields.h */ = {isa = PBXFileReference; fileEncoding = 4; lastKnownFileType = sourcecode.c.h; path = GAIFields.h; sourceTree = "<group>"; };
		6A79321B1AC99938006E6345 /* GAILogger.h */ = {isa = PBXFileReference; fileEncoding = 4; lastKnownFileType = sourcecode.c.h; path = GAILogger.h; sourceTree = "<group>"; };
		6A79321C1AC99938006E6345 /* GAITrackedViewController.h */ = {isa = PBXFileReference; fileEncoding = 4; lastKnownFileType = sourcecode.c.h; path = GAITrackedViewController.h; sourceTree = "<group>"; };
		6A79321D1AC99938006E6345 /* GAITracker.h */ = {isa = PBXFileReference; fileEncoding = 4; lastKnownFileType = sourcecode.c.h; path = GAITracker.h; sourceTree = "<group>"; };
		6A7932371AC999C0006E6345 /* AppMacros.h */ = {isa = PBXFileReference; fileEncoding = 4; lastKnownFileType = sourcecode.c.h; path = AppMacros.h; sourceTree = "<group>"; };
		6A7932381AC999C0006E6345 /* BaseView.h */ = {isa = PBXFileReference; fileEncoding = 4; lastKnownFileType = sourcecode.c.h; path = BaseView.h; sourceTree = "<group>"; };
		6A7932391AC999C0006E6345 /* BaseView.m */ = {isa = PBXFileReference; fileEncoding = 4; lastKnownFileType = sourcecode.c.objc; path = BaseView.m; sourceTree = "<group>"; };
		6A79323A1AC999C0006E6345 /* BaseViewController.h */ = {isa = PBXFileReference; fileEncoding = 4; lastKnownFileType = sourcecode.c.h; path = BaseViewController.h; sourceTree = "<group>"; };
		6A79323B1AC999C0006E6345 /* BaseViewController.m */ = {isa = PBXFileReference; fileEncoding = 4; lastKnownFileType = sourcecode.c.objc; path = BaseViewController.m; sourceTree = "<group>"; };
		6A79323C1AC999C0006E6345 /* CCAlertView.h */ = {isa = PBXFileReference; fileEncoding = 4; lastKnownFileType = sourcecode.c.h; path = CCAlertView.h; sourceTree = "<group>"; };
		6A79323D1AC999C0006E6345 /* CCAlertView.m */ = {isa = PBXFileReference; fileEncoding = 4; lastKnownFileType = sourcecode.c.objc; path = CCAlertView.m; sourceTree = "<group>"; };
		6A79323E1AC999C0006E6345 /* CCBaseView.h */ = {isa = PBXFileReference; fileEncoding = 4; lastKnownFileType = sourcecode.c.h; path = CCBaseView.h; sourceTree = "<group>"; };
		6A79323F1AC999C0006E6345 /* CCBaseView.m */ = {isa = PBXFileReference; fileEncoding = 4; lastKnownFileType = sourcecode.c.objc; path = CCBaseView.m; sourceTree = "<group>"; };
		6A7932401AC999C0006E6345 /* CCBaseViewController.h */ = {isa = PBXFileReference; fileEncoding = 4; lastKnownFileType = sourcecode.c.h; path = CCBaseViewController.h; sourceTree = "<group>"; };
		6A7932411AC999C0006E6345 /* CCBaseViewController.m */ = {isa = PBXFileReference; fileEncoding = 4; lastKnownFileType = sourcecode.c.objc; path = CCBaseViewController.m; sourceTree = "<group>"; };
		6A7932421AC999C0006E6345 /* CCWindow.h */ = {isa = PBXFileReference; fileEncoding = 4; lastKnownFileType = sourcecode.c.h; path = CCWindow.h; sourceTree = "<group>"; };
		6A7932431AC999C0006E6345 /* CCWindow.m */ = {isa = PBXFileReference; fileEncoding = 4; lastKnownFileType = sourcecode.c.objc; path = CCWindow.m; sourceTree = "<group>"; };
		6A7932441AC999C0006E6345 /* MainViewController.h */ = {isa = PBXFileReference; fileEncoding = 4; lastKnownFileType = sourcecode.c.h; path = MainViewController.h; sourceTree = "<group>"; };
		6A7932451AC999C0006E6345 /* MainViewController.m */ = {isa = PBXFileReference; fileEncoding = 4; lastKnownFileType = sourcecode.c.objc; path = MainViewController.m; sourceTree = "<group>"; };
		6A7932491AC999C0006E6345 /* Reachability.h */ = {isa = PBXFileReference; fileEncoding = 4; lastKnownFileType = sourcecode.c.h; path = Reachability.h; sourceTree = "<group>"; };
		6A79324A1AC999C0006E6345 /* Reachability.m */ = {isa = PBXFileReference; fileEncoding = 4; lastKnownFileType = sourcecode.c.objc; path = Reachability.m; sourceTree = "<group>"; };
		6A79324B1AC999C0006E6345 /* TTTAttributedLabel.h */ = {isa = PBXFileReference; fileEncoding = 4; lastKnownFileType = sourcecode.c.h; path = TTTAttributedLabel.h; sourceTree = "<group>"; };
		6A79324C1AC999C0006E6345 /* TTTAttributedLabel.m */ = {isa = PBXFileReference; fileEncoding = 4; lastKnownFileType = sourcecode.c.objc; path = TTTAttributedLabel.m; sourceTree = "<group>"; };
		6A8DC9171C2E2C3600E120C7 /* sendBold.png */ = {isa = PBXFileReference; lastKnownFileType = image.png; path = sendBold.png; sourceTree = "<group>"; };
		6A8DC9181C2E2C3600E120C7 /* sendLight.png */ = {isa = PBXFileReference; lastKnownFileType = image.png; path = sendLight.png; sourceTree = "<group>"; };
		6A8DC9191C2E2C3600E120C7 /* templateBold.png */ = {isa = PBXFileReference; lastKnownFileType = image.png; path = templateBold.png; sourceTree = "<group>"; };
		6A8DC91A1C2E2C3600E120C7 /* templateLight.png */ = {isa = PBXFileReference; lastKnownFileType = image.png; path = templateLight.png; sourceTree = "<group>"; };
		6A8DC91F1C2E2F4100E120C7 /* list.png */ = {isa = PBXFileReference; lastKnownFileType = image.png; path = list.png; sourceTree = "<group>"; };
		6A8DC9211C2E426B00E120C7 /* chatlogs.png */ = {isa = PBXFileReference; lastKnownFileType = image.png; path = chatlogs.png; sourceTree = "<group>"; };
		6A8DC9221C2E426B00E120C7 /* chatsettings.png */ = {isa = PBXFileReference; lastKnownFileType = image.png; path = chatsettings.png; sourceTree = "<group>"; };
		6A8DC9231C2E426B00E120C7 /* chatting.png */ = {isa = PBXFileReference; lastKnownFileType = image.png; path = chatting.png; sourceTree = "<group>"; };
		6A8DC9241C2E426B00E120C7 /* edittemplate.png */ = {isa = PBXFileReference; lastKnownFileType = image.png; path = edittemplate.png; sourceTree = "<group>"; };
		6A8DC9261C2E426B00E120C7 /* mailing.png */ = {isa = PBXFileReference; lastKnownFileType = image.png; path = mailing.png; sourceTree = "<group>"; };
		6A8DC9271C2E426B00E120C7 /* sharing.png */ = {isa = PBXFileReference; lastKnownFileType = image.png; path = sharing.png; sourceTree = "<group>"; };
		6A8DC9281C2E426B00E120C7 /* statistics.png */ = {isa = PBXFileReference; lastKnownFileType = image.png; path = statistics.png; sourceTree = "<group>"; };
		6ACB41D11AD14DC700A917D6 /* libsqlite3.0.dylib */ = {isa = PBXFileReference; lastKnownFileType = "compiled.mach-o.dylib"; name = libsqlite3.0.dylib; path = usr/lib/libsqlite3.0.dylib; sourceTree = SDKROOT; };
		6ACB41D31AD14E2200A917D6 /* AudioToolbox.framework */ = {isa = PBXFileReference; lastKnownFileType = wrapper.framework; name = AudioToolbox.framework; path = System/Library/Frameworks/AudioToolbox.framework; sourceTree = SDKROOT; };
		6ACB41DF1AD14FA000A917D6 /* libstdc++.6.dylib */ = {isa = PBXFileReference; lastKnownFileType = "compiled.mach-o.dylib"; name = "libstdc++.6.dylib"; path = "usr/lib/libstdc++.6.dylib"; sourceTree = SDKROOT; };
		6ACB41E11AD14FAD00A917D6 /* CoreLocation.framework */ = {isa = PBXFileReference; lastKnownFileType = wrapper.framework; name = CoreLocation.framework; path = System/Library/Frameworks/CoreLocation.framework; sourceTree = SDKROOT; };
		6ACB41E31AD14FB300A917D6 /* StoreKit.framework */ = {isa = PBXFileReference; lastKnownFileType = wrapper.framework; name = StoreKit.framework; path = System/Library/Frameworks/StoreKit.framework; sourceTree = SDKROOT; };
		6ACB41E51AD14FBF00A917D6 /* CoreGraphics.framework */ = {isa = PBXFileReference; lastKnownFileType = wrapper.framework; name = CoreGraphics.framework; path = System/Library/Frameworks/CoreGraphics.framework; sourceTree = SDKROOT; };
		6ACB41E71AD14FCD00A917D6 /* QuartzCore.framework */ = {isa = PBXFileReference; lastKnownFileType = wrapper.framework; name = QuartzCore.framework; path = System/Library/Frameworks/QuartzCore.framework; sourceTree = SDKROOT; };
		6ACB41E91AD14FD700A917D6 /* libz.1.1.3.dylib */ = {isa = PBXFileReference; lastKnownFileType = "compiled.mach-o.dylib"; name = libz.1.1.3.dylib; path = usr/lib/libz.1.1.3.dylib; sourceTree = SDKROOT; };
		6ACB41EB1AD14FE600A917D6 /* Security.framework */ = {isa = PBXFileReference; lastKnownFileType = wrapper.framework; name = Security.framework; path = System/Library/Frameworks/Security.framework; sourceTree = SDKROOT; };
		6ACB41ED1AD14FFA00A917D6 /* MobileCoreServices.framework */ = {isa = PBXFileReference; lastKnownFileType = wrapper.framework; name = MobileCoreServices.framework; path = System/Library/Frameworks/MobileCoreServices.framework; sourceTree = SDKROOT; };
		6ACB41EF1AD1500700A917D6 /* SystemConfiguration.framework */ = {isa = PBXFileReference; lastKnownFileType = wrapper.framework; name = SystemConfiguration.framework; path = System/Library/Frameworks/SystemConfiguration.framework; sourceTree = SDKROOT; };
		6ACB41F11AD1501100A917D6 /* CFNetwork.framework */ = {isa = PBXFileReference; lastKnownFileType = wrapper.framework; name = CFNetwork.framework; path = System/Library/Frameworks/CFNetwork.framework; sourceTree = SDKROOT; };
		6ACB41F31AD1501B00A917D6 /* UIKit.framework */ = {isa = PBXFileReference; lastKnownFileType = wrapper.framework; name = UIKit.framework; path = System/Library/Frameworks/UIKit.framework; sourceTree = SDKROOT; };
		6ACB41F51AD1502100A917D6 /* Foundation.framework */ = {isa = PBXFileReference; lastKnownFileType = wrapper.framework; name = Foundation.framework; path = System/Library/Frameworks/Foundation.framework; sourceTree = SDKROOT; };
		6ACB42291AD1521100A917D6 /* ViewController.h */ = {isa = PBXFileReference; fileEncoding = 4; lastKnownFileType = sourcecode.c.h; path = ViewController.h; sourceTree = "<group>"; };
		6ACB422A1AD1521100A917D6 /* ViewController.m */ = {isa = PBXFileReference; fileEncoding = 4; lastKnownFileType = sourcecode.c.objc; path = ViewController.m; sourceTree = "<group>"; };
		6ACB42321AD1A7AE00A917D6 /* MessageUI.framework */ = {isa = PBXFileReference; lastKnownFileType = wrapper.framework; name = MessageUI.framework; path = System/Library/Frameworks/MessageUI.framework; sourceTree = SDKROOT; };
		6AE712861C31E00C005BF72D /* boring.png */ = {isa = PBXFileReference; lastKnownFileType = image.png; path = boring.png; sourceTree = "<group>"; };
		6AF31D621ACE6C9D00035887 /* OmegleTextBox.h */ = {isa = PBXFileReference; fileEncoding = 4; lastKnownFileType = sourcecode.c.h; path = OmegleTextBox.h; sourceTree = "<group>"; };
		6AF31D631ACE6C9D00035887 /* OmegleTextBox.m */ = {isa = PBXFileReference; fileEncoding = 4; lastKnownFileType = sourcecode.c.objc; path = OmegleTextBox.m; sourceTree = "<group>"; };
		6AF31D7E1ACE8D9E00035887 /* AppData.h */ = {isa = PBXFileReference; fileEncoding = 4; lastKnownFileType = sourcecode.c.h; path = AppData.h; sourceTree = "<group>"; };
		6AF31D7F1ACE8D9E00035887 /* AppData.m */ = {isa = PBXFileReference; fileEncoding = 4; lastKnownFileType = sourcecode.c.objc; path = AppData.m; sourceTree = "<group>"; };
		6AF31D801ACE8D9E00035887 /* MenuList.h */ = {isa = PBXFileReference; fileEncoding = 4; lastKnownFileType = sourcecode.c.h; path = MenuList.h; sourceTree = "<group>"; };
		6AF31D811ACE8D9E00035887 /* MenuList.m */ = {isa = PBXFileReference; fileEncoding = 4; lastKnownFileType = sourcecode.c.objc; path = MenuList.m; sourceTree = "<group>"; };
		6AF31D821ACE8D9E00035887 /* MenuView.h */ = {isa = PBXFileReference; fileEncoding = 4; lastKnownFileType = sourcecode.c.h; path = MenuView.h; sourceTree = "<group>"; };
		6AF31D831ACE8D9E00035887 /* MenuView.m */ = {isa = PBXFileReference; fileEncoding = 4; lastKnownFileType = sourcecode.c.objc; path = MenuView.m; sourceTree = "<group>"; };
		6AF31D871ACE8D9E00035887 /* add@2x.png */ = {isa = PBXFileReference; lastKnownFileType = image.png; path = "add@2x.png"; sourceTree = "<group>"; };
		6AF31D881ACE8D9E00035887 /* back@2x.png */ = {isa = PBXFileReference; lastKnownFileType = image.png; path = "back@2x.png"; sourceTree = "<group>"; };
		6AF31D891ACE8D9E00035887 /* btn_close@2x.png */ = {isa = PBXFileReference; lastKnownFileType = image.png; path = "btn_close@2x.png"; sourceTree = "<group>"; };
		6AF31D8D1ACE8D9E00035887 /* settings@2x.png */ = {isa = PBXFileReference; lastKnownFileType = image.png; path = "settings@2x.png"; sourceTree = "<group>"; };
		6AF31D921ACE8D9E00035887 /* Default@2x.png */ = {isa = PBXFileReference; lastKnownFileType = image.png; path = "Default@2x.png"; sourceTree = "<group>"; };
		6AF31D931ACE8D9E00035887 /* delete@2x.png */ = {isa = PBXFileReference; lastKnownFileType = image.png; path = "delete@2x.png"; sourceTree = "<group>"; };
		6AF31D941ACE8D9E00035887 /* detail_arrow_white@2x.png */ = {isa = PBXFileReference; lastKnownFileType = image.png; path = "detail_arrow_white@2x.png"; sourceTree = "<group>"; };
		6AF31D9B1ACE8D9E00035887 /* info@2x.png */ = {isa = PBXFileReference; lastKnownFileType = image.png; path = "info@2x.png"; sourceTree = "<group>"; };
		6AF31D9C1ACE8D9E00035887 /* more_arrow@2x.png */ = {isa = PBXFileReference; lastKnownFileType = image.png; path = "more_arrow@2x.png"; sourceTree = "<group>"; };
		6AF31D9D1ACE8D9E00035887 /* moremenu@2x.png */ = {isa = PBXFileReference; lastKnownFileType = image.png; path = "moremenu@2x.png"; sourceTree = "<group>"; };
		6AF31DA01ACE8D9E00035887 /* refresh@2x.png */ = {isa = PBXFileReference; lastKnownFileType = image.png; path = "refresh@2x.png"; sourceTree = "<group>"; };
		6AF31DA11ACE8D9E00035887 /* search@2x.png */ = {isa = PBXFileReference; lastKnownFileType = image.png; path = "search@2x.png"; sourceTree = "<group>"; };
		6AF31DA51ACE8D9E00035887 /* uparrow@2x.png */ = {isa = PBXFileReference; lastKnownFileType = image.png; path = "uparrow@2x.png"; sourceTree = "<group>"; };
		6AF31DA81ACE8D9E00035887 /* add@3x.png */ = {isa = PBXFileReference; lastKnownFileType = image.png; path = "add@3x.png"; sourceTree = "<group>"; };
		6AF31DA91ACE8D9E00035887 /* back@3x.png */ = {isa = PBXFileReference; lastKnownFileType = image.png; path = "back@3x.png"; sourceTree = "<group>"; };
		6AF31DAA1ACE8D9E00035887 /* btn_close@3x.png */ = {isa = PBXFileReference; lastKnownFileType = image.png; path = "btn_close@3x.png"; sourceTree = "<group>"; };
		6AF31DAD1ACE8D9E00035887 /* settings@3x.png */ = {isa = PBXFileReference; lastKnownFileType = image.png; path = "settings@3x.png"; sourceTree = "<group>"; };
		6AF31DB21ACE8D9E00035887 /* Default@3x.png */ = {isa = PBXFileReference; lastKnownFileType = image.png; path = "Default@3x.png"; sourceTree = "<group>"; };
		6AF31DB31ACE8D9E00035887 /* delete@3x.png */ = {isa = PBXFileReference; lastKnownFileType = image.png; path = "delete@3x.png"; sourceTree = "<group>"; };
		6AF31DB41ACE8D9E00035887 /* detail_arrow@3x.png */ = {isa = PBXFileReference; lastKnownFileType = image.png; path = "detail_arrow@3x.png"; sourceTree = "<group>"; };
		6AF31DBC1ACE8D9E00035887 /* mnu_info@3x.png */ = {isa = PBXFileReference; lastKnownFileType = image.png; path = "mnu_info@3x.png"; sourceTree = "<group>"; };
		6AF31DBD1ACE8D9E00035887 /* moremenu@3x.png */ = {isa = PBXFileReference; lastKnownFileType = image.png; path = "moremenu@3x.png"; sourceTree = "<group>"; };
		6AF31DC01ACE8D9E00035887 /* refresh@3x.png */ = {isa = PBXFileReference; lastKnownFileType = image.png; path = "refresh@3x.png"; sourceTree = "<group>"; };
		6AF31DC11ACE8D9E00035887 /* search@3x.png */ = {isa = PBXFileReference; lastKnownFileType = image.png; path = "search@3x.png"; sourceTree = "<group>"; };
		6AF31DC61ACE8D9E00035887 /* uparrow@3x.png */ = {isa = PBXFileReference; lastKnownFileType = image.png; path = "uparrow@3x.png"; sourceTree = "<group>"; };
		6AF31DC81ACE8D9E00035887 /* add.png */ = {isa = PBXFileReference; lastKnownFileType = image.png; path = add.png; sourceTree = "<group>"; };
		6AF31DC91ACE8D9E00035887 /* back.png */ = {isa = PBXFileReference; lastKnownFileType = image.png; path = back.png; sourceTree = "<group>"; };
		6AF31DCA1ACE8D9E00035887 /* btn_close.png */ = {isa = PBXFileReference; lastKnownFileType = image.png; path = btn_close.png; sourceTree = "<group>"; };
		6AF31DCE1ACE8D9E00035887 /* settings.png */ = {isa = PBXFileReference; lastKnownFileType = image.png; path = settings.png; sourceTree = "<group>"; };
		6AF31DD31ACE8D9E00035887 /* Deafult.png */ = {isa = PBXFileReference; lastKnownFileType = image.png; path = Deafult.png; sourceTree = "<group>"; };
		6AF31DD41ACE8D9E00035887 /* delete.png */ = {isa = PBXFileReference; lastKnownFileType = image.png; path = delete.png; sourceTree = "<group>"; };
		6AF31DD51ACE8D9E00035887 /* detail_arrow_white.png */ = {isa = PBXFileReference; lastKnownFileType = image.png; path = detail_arrow_white.png; sourceTree = "<group>"; };
		6AF31DDC1ACE8D9E00035887 /* icn_send.png */ = {isa = PBXFileReference; lastKnownFileType = image.png; path = icn_send.png; sourceTree = "<group>"; };
		6AF31DDD1ACE8D9E00035887 /* info.png */ = {isa = PBXFileReference; lastKnownFileType = image.png; path = info.png; sourceTree = "<group>"; };
		6AF31DDE1ACE8D9E00035887 /* more_arrow.png */ = {isa = PBXFileReference; lastKnownFileType = image.png; path = more_arrow.png; sourceTree = "<group>"; };
		6AF31DDF1ACE8D9E00035887 /* moremenu.png */ = {isa = PBXFileReference; lastKnownFileType = image.png; path = moremenu.png; sourceTree = "<group>"; };
		6AF31DE21ACE8D9E00035887 /* refresh.png */ = {isa = PBXFileReference; lastKnownFileType = image.png; path = refresh.png; sourceTree = "<group>"; };
		6AF31DE31ACE8D9E00035887 /* search.png */ = {isa = PBXFileReference; lastKnownFileType = image.png; path = search.png; sourceTree = "<group>"; };
		6AF31DE41ACE8D9E00035887 /* success.png */ = {isa = PBXFileReference; lastKnownFileType = image.png; path = success.png; sourceTree = "<group>"; };
		6AF31DE71ACE8D9E00035887 /* uparrow.png */ = {isa = PBXFileReference; lastKnownFileType = image.png; path = uparrow.png; sourceTree = "<group>"; };
		6AF31E5C1ACE8D9E00035887 /* ChatHomeView.h */ = {isa = PBXFileReference; fileEncoding = 4; lastKnownFileType = sourcecode.c.h; path = ChatHomeView.h; sourceTree = "<group>"; };
		6AF31E5D1ACE8D9E00035887 /* ChatHomeView.m */ = {isa = PBXFileReference; fileEncoding = 4; lastKnownFileType = sourcecode.c.objc; path = ChatHomeView.m; sourceTree = "<group>"; };
		6AF31E5E1ACE8D9E00035887 /* ChatHomeViewController.h */ = {isa = PBXFileReference; fileEncoding = 4; lastKnownFileType = sourcecode.c.h; path = ChatHomeViewController.h; sourceTree = "<group>"; };
		6AF31E5F1ACE8D9E00035887 /* ChatHomeViewController.m */ = {isa = PBXFileReference; fileEncoding = 4; lastKnownFileType = sourcecode.c.objc; path = ChatHomeViewController.m; sourceTree = "<group>"; };
		6AF31E611ACE8D9E00035887 /* ChatLogsView.h */ = {isa = PBXFileReference; fileEncoding = 4; lastKnownFileType = sourcecode.c.h; path = ChatLogsView.h; sourceTree = "<group>"; };
		6AF31E621ACE8D9E00035887 /* ChatLogsView.m */ = {isa = PBXFileReference; fileEncoding = 4; lastKnownFileType = sourcecode.c.objc; path = ChatLogsView.m; sourceTree = "<group>"; };
		6AF31E631ACE8D9E00035887 /* ChatLogsViewController.h */ = {isa = PBXFileReference; fileEncoding = 4; lastKnownFileType = sourcecode.c.h; path = ChatLogsViewController.h; sourceTree = "<group>"; };
		6AF31E641ACE8D9E00035887 /* ChatLogsViewController.m */ = {isa = PBXFileReference; fileEncoding = 4; lastKnownFileType = sourcecode.c.objc; path = ChatLogsViewController.m; sourceTree = "<group>"; };
		6AF31E661ACE8D9E00035887 /* BoringView.h */ = {isa = PBXFileReference; fileEncoding = 4; lastKnownFileType = sourcecode.c.h; path = BoringView.h; sourceTree = "<group>"; };
		6AF31E671ACE8D9E00035887 /* BoringView.m */ = {isa = PBXFileReference; fileEncoding = 4; lastKnownFileType = sourcecode.c.objc; path = BoringView.m; sourceTree = "<group>"; };
		6AF31E681ACE8D9E00035887 /* BoringViewController.h */ = {isa = PBXFileReference; fileEncoding = 4; lastKnownFileType = sourcecode.c.h; path = BoringViewController.h; sourceTree = "<group>"; };
		6AF31E691ACE8D9E00035887 /* BoringViewController.m */ = {isa = PBXFileReference; fileEncoding = 4; lastKnownFileType = sourcecode.c.objc; path = BoringViewController.m; sourceTree = "<group>"; };
		6AF31E6B1ACE8D9E00035887 /* SettingsView.h */ = {isa = PBXFileReference; fileEncoding = 4; lastKnownFileType = sourcecode.c.h; path = SettingsView.h; sourceTree = "<group>"; };
		6AF31E6C1ACE8D9E00035887 /* SettingsView.m */ = {isa = PBXFileReference; fileEncoding = 4; lastKnownFileType = sourcecode.c.objc; path = SettingsView.m; sourceTree = "<group>"; };
		6AF31E6D1ACE8D9E00035887 /* SettingsViewController.h */ = {isa = PBXFileReference; fileEncoding = 4; lastKnownFileType = sourcecode.c.h; path = SettingsViewController.h; sourceTree = "<group>"; };
		6AF31E6E1ACE8D9E00035887 /* SettingsViewController.m */ = {isa = PBXFileReference; fileEncoding = 4; lastKnownFileType = sourcecode.c.objc; path = SettingsViewController.m; sourceTree = "<group>"; };
		6AF31E701ACE8D9E00035887 /* ShareView.h */ = {isa = PBXFileReference; fileEncoding = 4; lastKnownFileType = sourcecode.c.h; path = ShareView.h; sourceTree = "<group>"; };
		6AF31E711ACE8D9E00035887 /* ShareView.m */ = {isa = PBXFileReference; fileEncoding = 4; lastKnownFileType = sourcecode.c.objc; path = ShareView.m; sourceTree = "<group>"; };
		6AF31E721ACE8D9E00035887 /* ShareViewController.h */ = {isa = PBXFileReference; fileEncoding = 4; lastKnownFileType = sourcecode.c.h; path = ShareViewController.h; sourceTree = "<group>"; };
		6AF31E731ACE8D9E00035887 /* ShareViewController.m */ = {isa = PBXFileReference; fileEncoding = 4; lastKnownFileType = sourcecode.c.objc; path = ShareViewController.m; sourceTree = "<group>"; };
		6AF31E751ACE8D9E00035887 /* StatisticsView.h */ = {isa = PBXFileReference; fileEncoding = 4; lastKnownFileType = sourcecode.c.h; path = StatisticsView.h; sourceTree = "<group>"; };
		6AF31E761ACE8D9E00035887 /* StatisticsView.m */ = {isa = PBXFileReference; fileEncoding = 4; lastKnownFileType = sourcecode.c.objc; path = StatisticsView.m; sourceTree = "<group>"; };
		6AF31E771ACE8D9E00035887 /* StatisticsViewController.h */ = {isa = PBXFileReference; fileEncoding = 4; lastKnownFileType = sourcecode.c.h; path = StatisticsViewController.h; sourceTree = "<group>"; };
		6AF31E781ACE8D9E00035887 /* StatisticsViewController.m */ = {isa = PBXFileReference; fileEncoding = 4; lastKnownFileType = sourcecode.c.objc; path = StatisticsViewController.m; sourceTree = "<group>"; };
		6AF31E7A1ACE8D9E00035887 /* SuggestionView.h */ = {isa = PBXFileReference; fileEncoding = 4; lastKnownFileType = sourcecode.c.h; path = SuggestionView.h; sourceTree = "<group>"; };
		6AF31E7B1ACE8D9E00035887 /* SuggestionView.m */ = {isa = PBXFileReference; fileEncoding = 4; lastKnownFileType = sourcecode.c.objc; path = SuggestionView.m; sourceTree = "<group>"; };
		6AF31E7C1ACE8D9E00035887 /* SuggestionViewController.h */ = {isa = PBXFileReference; fileEncoding = 4; lastKnownFileType = sourcecode.c.h; path = SuggestionViewController.h; sourceTree = "<group>"; };
		6AF31E7D1ACE8D9E00035887 /* SuggestionViewController.m */ = {isa = PBXFileReference; fileEncoding = 4; lastKnownFileType = sourcecode.c.objc; path = SuggestionViewController.m; sourceTree = "<group>"; };
		6AF31F5C1ACE8F4000035887 /* TemplateViewController.h */ = {isa = PBXFileReference; fileEncoding = 4; lastKnownFileType = sourcecode.c.h; path = TemplateViewController.h; sourceTree = "<group>"; };
		6AF31F5D1ACE8F4000035887 /* TemplateViewController.m */ = {isa = PBXFileReference; fileEncoding = 4; lastKnownFileType = sourcecode.c.objc; path = TemplateViewController.m; sourceTree = "<group>"; };
		6AF31F5F1ACE8F6300035887 /* TemplateView.h */ = {isa = PBXFileReference; fileEncoding = 4; lastKnownFileType = sourcecode.c.h; path = TemplateView.h; sourceTree = "<group>"; };
		6AF31F601ACE8F6300035887 /* TemplateView.m */ = {isa = PBXFileReference; fileEncoding = 4; lastKnownFileType = sourcecode.c.objc; path = TemplateView.m; sourceTree = "<group>"; };
		76867A45F80BFA885DFE9764 /* Pods-AutoOmegle.debug.xcconfig */ = {isa = PBXFileReference; includeInIndex = 1; lastKnownFileType = text.xcconfig; name = "Pods-AutoOmegle.debug.xcconfig"; path = "Pods/Target Support Files/Pods-AutoOmegle/Pods-AutoOmegle.debug.xcconfig"; sourceTree = "<group>"; };
		A2ED1A3C74108A8068E5C11C /* Pods-AutoOmegle.release.xcconfig */ = {isa = PBXFileReference; includeInIndex = 1; lastKnownFileType = text.xcconfig; name = "Pods-AutoOmegle.release.xcconfig"; path = "Pods/Target Support Files/Pods-AutoOmegle/Pods-AutoOmegle.release.xcconfig"; sourceTree = "<group>"; };
		C1C65E203CCB590CB5A92B3D /* libPods-AutoOmegle.a */ = {isa = PBXFileReference; explicitFileType = archive.ar; includeInIndex = 0; path = "libPods-AutoOmegle.a"; sourceTree = BUILT_PRODUCTS_DIR; };
/* End PBXFileReference section */

/* Begin PBXFrameworksBuildPhase section */
		6A7931DA1AC998D5006E6345 /* Frameworks */ = {
			isa = PBXFrameworksBuildPhase;
			buildActionMask = 2147483647;
			files = (
				6ACB41F41AD1501B00A917D6 /* UIKit.framework in Frameworks */,
				6A3B275F1B0B5C74006E5AC4 /* SystemConfiguration.framework in Frameworks */,
				6A3B275E1B0B5C68006E5AC4 /* StoreKit.framework in Frameworks */,
				6A3B27851B0B5C9F006E5AC4 /* Social.framework in Frameworks */,
				6A3B275D1B0B5C62006E5AC4 /* Security.framework in Frameworks */,
				6A3B27871B0B5C9F006E5AC4 /* AdSupport.framework in Frameworks */,
				6ACB41E81AD14FCD00A917D6 /* QuartzCore.framework in Frameworks */,
				6A3B27811B0B5C9F006E5AC4 /* Foundation.framework in Frameworks */,
				6A3B275C1B0B5C4A006E5AC4 /* MobileCoreServices.framework in Frameworks */,
				6A3B27801B0B5C9F006E5AC4 /* libsqlite3.dylib in Frameworks */,
				6A3B275B1B0B5C3E006E5AC4 /* libstdc++.6.dylib in Frameworks */,
				6A3B27881B0B5C9F006E5AC4 /* AudioToolbox.framework in Frameworks */,
				6A3B275A1B0B5C31006E5AC4 /* libz.1.1.3.dylib in Frameworks */,
				6A3B27571B0B5BF9006E5AC4 /* Foundation.framework in Frameworks */,
				6A3B27841B0B5C9F006E5AC4 /* CFNetwork.framework in Frameworks */,
				6A3B27861B0B5C9F006E5AC4 /* Accounts.framework in Frameworks */,
				6A3B27821B0B5C9F006E5AC4 /* CoreLocation.framework in Frameworks */,
				6A3B277F1B0B5C9F006E5AC4 /* libz.1.1.3.dylib in Frameworks */,
				6A3B27791B0B5C9F006E5AC4 /* SystemConfiguration.framework in Frameworks */,
				6A3B27561B0B5BED006E5AC4 /* CoreLocation.framework in Frameworks */,
				6A3B27551B0B5BE7006E5AC4 /* CoreGraphics.framework in Frameworks */,
				6A3B27541B0B5BDB006E5AC4 /* CFNetwork.framework in Frameworks */,
				6A3B27531B0B5BD2006E5AC4 /* Social.framework in Frameworks */,
				6A3B277A1B0B5C9F006E5AC4 /* StoreKit.framework in Frameworks */,
				6A3B27831B0B5C9F006E5AC4 /* CoreGraphics.framework in Frameworks */,
				6A3B277B1B0B5C9F006E5AC4 /* Security.framework in Frameworks */,
				6A3B27501B0B5BBD006E5AC4 /* Accounts.framework in Frameworks */,
				6A3B277E1B0B5C9F006E5AC4 /* libstdc++.6.dylib in Frameworks */,
				6A3B27891B0B5C9F006E5AC4 /* MessageUI.framework in Frameworks */,
				6A3B27511B0B5BBD006E5AC4 /* AdSupport.framework in Frameworks */,
				6A3B274D1B0B5BBD006E5AC4 /* AudioToolbox.framework in Frameworks */,
				6A3B277C1B0B5C9F006E5AC4 /* QuartzCore.framework in Frameworks */,
				6ACB42331AD1A7AE00A917D6 /* MessageUI.framework in Frameworks */,
				6A3B27781B0B5C9F006E5AC4 /* UIKit.framework in Frameworks */,
				6A3B277D1B0B5C9F006E5AC4 /* MobileCoreServices.framework in Frameworks */,
				C3A1938BBE2D411BEA81A632 /* libPods-AutoOmegle.a in Frameworks */,
			);
			runOnlyForDeploymentPostprocessing = 0;
		};
		6A7931F31AC998D5006E6345 /* Frameworks */ = {
			isa = PBXFrameworksBuildPhase;
			buildActionMask = 2147483647;
			files = (
			);
			runOnlyForDeploymentPostprocessing = 0;
		};
/* End PBXFrameworksBuildPhase section */

/* Begin PBXGroup section */
		4F76CAE0127A1278EBE1F02E /* Pods */ = {
			isa = PBXGroup;
			children = (
				76867A45F80BFA885DFE9764 /* Pods-AutoOmegle.debug.xcconfig */,
				A2ED1A3C74108A8068E5C11C /* Pods-AutoOmegle.release.xcconfig */,
			);
			name = Pods;
			sourceTree = "<group>";
		};
		6A7931D41AC998D5006E6345 = {
			isa = PBXGroup;
			children = (
				6A7931DF1AC998D5006E6345 /* AutoOmegle */,
				6A7931F91AC998D5006E6345 /* AutoOmegleTests */,
				6A7931DE1AC998D5006E6345 /* Products */,
				6A7932061AC998DE006E6345 /* Framework */,
				4F76CAE0127A1278EBE1F02E /* Pods */,
				C244100E2D7E727F386AB3A7 /* Frameworks */,
			);
			sourceTree = "<group>";
		};
		6A7931DE1AC998D5006E6345 /* Products */ = {
			isa = PBXGroup;
			children = (
				6A7931DD1AC998D5006E6345 /* AutoOmegle.app */,
				6A7931F61AC998D5006E6345 /* AutoOmegleTests.xctest */,
			);
			name = Products;
			sourceTree = "<group>";
		};
		6A7931DF1AC998D5006E6345 /* AutoOmegle */ = {
			isa = PBXGroup;
			children = (
				6ACB42291AD1521100A917D6 /* ViewController.h */,
				6ACB422A1AD1521100A917D6 /* ViewController.m */,
				6AF31D7D1ACE8D9E00035887 /* custom */,
				6AF31D841ACE8D9E00035887 /* Images */,
				6AF31E5A1ACE8D9E00035887 /* ViewControllers */,
				6A7932361AC999C0006E6345 /* Base */,
				6A7931E41AC998D5006E6345 /* AppDelegate.h */,
				6A7931E51AC998D5006E6345 /* AppDelegate.m */,
				6A7931EA1AC998D5006E6345 /* Main.storyboard */,
				6A7931ED1AC998D5006E6345 /* Images.xcassets */,
				6A7931EF1AC998D5006E6345 /* LaunchScreen.xib */,
				6A7931E01AC998D5006E6345 /* Supporting Files */,
			);
			path = AutoOmegle;
			sourceTree = "<group>";
		};
		6A7931E01AC998D5006E6345 /* Supporting Files */ = {
			isa = PBXGroup;
			children = (
				6A7931E11AC998D5006E6345 /* Info.plist */,
				6A7931E21AC998D5006E6345 /* main.m */,
			);
			name = "Supporting Files";
			sourceTree = "<group>";
		};
		6A7931F91AC998D5006E6345 /* AutoOmegleTests */ = {
			isa = PBXGroup;
			children = (
				6A7931FC1AC998D5006E6345 /* AutoOmegleTests.m */,
				6A7931FA1AC998D5006E6345 /* Supporting Files */,
			);
			path = AutoOmegleTests;
			sourceTree = "<group>";
		};
		6A7931FA1AC998D5006E6345 /* Supporting Files */ = {
			isa = PBXGroup;
			children = (
				6A7931FB1AC998D5006E6345 /* Info.plist */,
			);
			name = "Supporting Files";
			sourceTree = "<group>";
		};
		6A7932061AC998DE006E6345 /* Framework */ = {
			isa = PBXGroup;
			children = (
				6ACB41F51AD1502100A917D6 /* Foundation.framework */,
				6ACB41F31AD1501B00A917D6 /* UIKit.framework */,
				6ACB41F11AD1501100A917D6 /* CFNetwork.framework */,
				6ACB41EF1AD1500700A917D6 /* SystemConfiguration.framework */,
				6ACB41ED1AD14FFA00A917D6 /* MobileCoreServices.framework */,
				6ACB41EB1AD14FE600A917D6 /* Security.framework */,
				6ACB41E91AD14FD700A917D6 /* libz.1.1.3.dylib */,
				6ACB41E71AD14FCD00A917D6 /* QuartzCore.framework */,
				6ACB41E51AD14FBF00A917D6 /* CoreGraphics.framework */,
				6ACB41E31AD14FB300A917D6 /* StoreKit.framework */,
				6ACB41E11AD14FAD00A917D6 /* CoreLocation.framework */,
				6ACB41DF1AD14FA000A917D6 /* libstdc++.6.dylib */,
				6ACB41D31AD14E2200A917D6 /* AudioToolbox.framework */,
				6ACB41D11AD14DC700A917D6 /* libsqlite3.0.dylib */,
				6A7932131AC99928006E6345 /* HeaderFiles_GA */,
			);
			name = Framework;
			sourceTree = "<group>";
		};
		6A7932131AC99928006E6345 /* HeaderFiles_GA */ = {
			isa = PBXGroup;
			children = (
				6A7932141AC99938006E6345 /* GAI.h */,
				6A7932151AC99938006E6345 /* GAIDictionaryBuilder.h */,
				6A7932161AC99938006E6345 /* GAIEcommerceFields.h */,
				6A7932171AC99938006E6345 /* GAIEcommerceProduct.h */,
				6A7932181AC99938006E6345 /* GAIEcommerceProductAction.h */,
				6A7932191AC99938006E6345 /* GAIEcommercePromotion.h */,
				6A79321A1AC99938006E6345 /* GAIFields.h */,
				6A79321B1AC99938006E6345 /* GAILogger.h */,
				6A79321C1AC99938006E6345 /* GAITrackedViewController.h */,
				6A79321D1AC99938006E6345 /* GAITracker.h */,
			);
			name = HeaderFiles_GA;
			sourceTree = "<group>";
		};
		6A7932361AC999C0006E6345 /* Base */ = {
			isa = PBXGroup;
			children = (
				6A22D9EA1C281AA800B462CD /* iToast.h */,
				6A22D9EB1C281AA800B462CD /* iToast.m */,
				6A7932371AC999C0006E6345 /* AppMacros.h */,
				6A7932381AC999C0006E6345 /* BaseView.h */,
				6A7932391AC999C0006E6345 /* BaseView.m */,
				6A79323A1AC999C0006E6345 /* BaseViewController.h */,
				6A79323B1AC999C0006E6345 /* BaseViewController.m */,
				6A79323C1AC999C0006E6345 /* CCAlertView.h */,
				6A79323D1AC999C0006E6345 /* CCAlertView.m */,
				6A79323E1AC999C0006E6345 /* CCBaseView.h */,
				6A79323F1AC999C0006E6345 /* CCBaseView.m */,
				6A7932401AC999C0006E6345 /* CCBaseViewController.h */,
				6A7932411AC999C0006E6345 /* CCBaseViewController.m */,
				6A7932421AC999C0006E6345 /* CCWindow.h */,
				6A7932431AC999C0006E6345 /* CCWindow.m */,
				6A7932441AC999C0006E6345 /* MainViewController.h */,
				6A7932451AC999C0006E6345 /* MainViewController.m */,
				6A7932461AC999C0006E6345 /* NetworkHelpers */,
				6A79324B1AC999C0006E6345 /* TTTAttributedLabel.h */,
				6A79324C1AC999C0006E6345 /* TTTAttributedLabel.m */,
				6AF31D621ACE6C9D00035887 /* OmegleTextBox.h */,
				6AF31D631ACE6C9D00035887 /* OmegleTextBox.m */,
			);
			path = Base;
			sourceTree = "<group>";
		};
		6A7932461AC999C0006E6345 /* NetworkHelpers */ = {
			isa = PBXGroup;
			children = (
				6A7932491AC999C0006E6345 /* Reachability.h */,
				6A79324A1AC999C0006E6345 /* Reachability.m */,
			);
			path = NetworkHelpers;
			sourceTree = "<group>";
		};
		6A8DC9161C2E2C3600E120C7 /* Flat */ = {
			isa = PBXGroup;
			children = (
				6AE712861C31E00C005BF72D /* boring.png */,
				6A8DC9211C2E426B00E120C7 /* chatlogs.png */,
				6A8DC9221C2E426B00E120C7 /* chatsettings.png */,
				6A8DC9231C2E426B00E120C7 /* chatting.png */,
				6A8DC9241C2E426B00E120C7 /* edittemplate.png */,
				6A8DC9261C2E426B00E120C7 /* mailing.png */,
				6A8DC9271C2E426B00E120C7 /* sharing.png */,
				6A8DC9281C2E426B00E120C7 /* statistics.png */,
				6A8DC91F1C2E2F4100E120C7 /* list.png */,
				6A8DC9171C2E2C3600E120C7 /* sendBold.png */,
				6A8DC9181C2E2C3600E120C7 /* sendLight.png */,
				6A8DC9191C2E2C3600E120C7 /* templateBold.png */,
				6A8DC91A1C2E2C3600E120C7 /* templateLight.png */,
			);
			path = Flat;
			sourceTree = "<group>";
		};
		6AF31D7D1ACE8D9E00035887 /* custom */ = {
			isa = PBXGroup;
			children = (
				6AF31D7E1ACE8D9E00035887 /* AppData.h */,
				6AF31D7F1ACE8D9E00035887 /* AppData.m */,
				6AF31D801ACE8D9E00035887 /* MenuList.h */,
				6AF31D811ACE8D9E00035887 /* MenuList.m */,
				6AF31D821ACE8D9E00035887 /* MenuView.h */,
				6AF31D831ACE8D9E00035887 /* MenuView.m */,
			);
			path = custom;
			sourceTree = "<group>";
		};
		6AF31D841ACE8D9E00035887 /* Images */ = {
			isa = PBXGroup;
			children = (
				6A8DC9161C2E2C3600E120C7 /* Flat */,
				6AF31D851ACE8D9E00035887 /* common */,
			);
			path = Images;
			sourceTree = "<group>";
		};
		6AF31D851ACE8D9E00035887 /* common */ = {
			isa = PBXGroup;
			children = (
				6AF31D861ACE8D9E00035887 /* 2X */,
				6AF31DA71ACE8D9E00035887 /* 3x */,
				6AF31DC81ACE8D9E00035887 /* add.png */,
				6AF31DC91ACE8D9E00035887 /* back.png */,
				6AF31DCA1ACE8D9E00035887 /* btn_close.png */,
				6AF31DCE1ACE8D9E00035887 /* settings.png */,
				6AF31DD31ACE8D9E00035887 /* Deafult.png */,
				6AF31DD41ACE8D9E00035887 /* delete.png */,
				6AF31DD51ACE8D9E00035887 /* detail_arrow_white.png */,
				6AF31DDC1ACE8D9E00035887 /* icn_send.png */,
				6AF31DDD1ACE8D9E00035887 /* info.png */,
				6AF31DDE1ACE8D9E00035887 /* more_arrow.png */,
				6AF31DDF1ACE8D9E00035887 /* moremenu.png */,
				6AF31DE21ACE8D9E00035887 /* refresh.png */,
				6AF31DE31ACE8D9E00035887 /* search.png */,
				6AF31DE41ACE8D9E00035887 /* success.png */,
				6AF31DE71ACE8D9E00035887 /* uparrow.png */,
			);
			path = common;
			sourceTree = "<group>";
		};
		6AF31D861ACE8D9E00035887 /* 2X */ = {
			isa = PBXGroup;
			children = (
				6AF31D871ACE8D9E00035887 /* add@2x.png */,
				6AF31D881ACE8D9E00035887 /* back@2x.png */,
				6AF31D891ACE8D9E00035887 /* btn_close@2x.png */,
				6AF31D8D1ACE8D9E00035887 /* settings@2x.png */,
				6AF31D921ACE8D9E00035887 /* Default@2x.png */,
				6AF31D931ACE8D9E00035887 /* delete@2x.png */,
				6AF31D941ACE8D9E00035887 /* detail_arrow_white@2x.png */,
				6AF31D9B1ACE8D9E00035887 /* info@2x.png */,
				6AF31D9C1ACE8D9E00035887 /* more_arrow@2x.png */,
				6AF31D9D1ACE8D9E00035887 /* moremenu@2x.png */,
				6AF31DA01ACE8D9E00035887 /* refresh@2x.png */,
				6AF31DA11ACE8D9E00035887 /* search@2x.png */,
				6AF31DA51ACE8D9E00035887 /* uparrow@2x.png */,
			);
			path = 2X;
			sourceTree = "<group>";
		};
		6AF31DA71ACE8D9E00035887 /* 3x */ = {
			isa = PBXGroup;
			children = (
				6AF31DA81ACE8D9E00035887 /* add@3x.png */,
				6AF31DA91ACE8D9E00035887 /* back@3x.png */,
				6AF31DAA1ACE8D9E00035887 /* btn_close@3x.png */,
				6AF31DAD1ACE8D9E00035887 /* settings@3x.png */,
				6AF31DB21ACE8D9E00035887 /* Default@3x.png */,
				6AF31DB31ACE8D9E00035887 /* delete@3x.png */,
				6AF31DB41ACE8D9E00035887 /* detail_arrow@3x.png */,
				6AF31DBC1ACE8D9E00035887 /* mnu_info@3x.png */,
				6AF31DBD1ACE8D9E00035887 /* moremenu@3x.png */,
				6AF31DC01ACE8D9E00035887 /* refresh@3x.png */,
				6AF31DC11ACE8D9E00035887 /* search@3x.png */,
				6AF31DC61ACE8D9E00035887 /* uparrow@3x.png */,
			);
			path = 3x;
			sourceTree = "<group>";
		};
		6AF31E5A1ACE8D9E00035887 /* ViewControllers */ = {
			isa = PBXGroup;
			children = (
				6AF31F5B1ACE8F3300035887 /* template */,
				6AF31E5B1ACE8D9E00035887 /* chathome */,
				6AF31E601ACE8D9E00035887 /* chatlogs */,
				6AF31E651ACE8D9E00035887 /* facebook */,
				6AF31E6A1ACE8D9E00035887 /* settings */,
				6AF31E6F1ACE8D9E00035887 /* share */,
				6AF31E741ACE8D9E00035887 /* statistics */,
				6AF31E791ACE8D9E00035887 /* suggestion */,
			);
			path = ViewControllers;
			sourceTree = "<group>";
		};
		6AF31E5B1ACE8D9E00035887 /* chathome */ = {
			isa = PBXGroup;
			children = (
				6AF31E5C1ACE8D9E00035887 /* ChatHomeView.h */,
				6AF31E5D1ACE8D9E00035887 /* ChatHomeView.m */,
				6AF31E5E1ACE8D9E00035887 /* ChatHomeViewController.h */,
				6AF31E5F1ACE8D9E00035887 /* ChatHomeViewController.m */,
			);
			path = chathome;
			sourceTree = "<group>";
		};
		6AF31E601ACE8D9E00035887 /* chatlogs */ = {
			isa = PBXGroup;
			children = (
				6AF31E611ACE8D9E00035887 /* ChatLogsView.h */,
				6AF31E621ACE8D9E00035887 /* ChatLogsView.m */,
				6AF31E631ACE8D9E00035887 /* ChatLogsViewController.h */,
				6AF31E641ACE8D9E00035887 /* ChatLogsViewController.m */,
			);
			path = chatlogs;
			sourceTree = "<group>";
		};
		6AF31E651ACE8D9E00035887 /* facebook */ = {
			isa = PBXGroup;
			children = (
				6AF31E661ACE8D9E00035887 /* BoringView.h */,
				6AF31E671ACE8D9E00035887 /* BoringView.m */,
				6AF31E681ACE8D9E00035887 /* BoringViewController.h */,
				6AF31E691ACE8D9E00035887 /* BoringViewController.m */,
			);
			path = facebook;
			sourceTree = "<group>";
		};
		6AF31E6A1ACE8D9E00035887 /* settings */ = {
			isa = PBXGroup;
			children = (
				6AF31E6B1ACE8D9E00035887 /* SettingsView.h */,
				6AF31E6C1ACE8D9E00035887 /* SettingsView.m */,
				6AF31E6D1ACE8D9E00035887 /* SettingsViewController.h */,
				6AF31E6E1ACE8D9E00035887 /* SettingsViewController.m */,
			);
			path = settings;
			sourceTree = "<group>";
		};
		6AF31E6F1ACE8D9E00035887 /* share */ = {
			isa = PBXGroup;
			children = (
				6AF31E701ACE8D9E00035887 /* ShareView.h */,
				6AF31E711ACE8D9E00035887 /* ShareView.m */,
				6AF31E721ACE8D9E00035887 /* ShareViewController.h */,
				6AF31E731ACE8D9E00035887 /* ShareViewController.m */,
			);
			path = share;
			sourceTree = "<group>";
		};
		6AF31E741ACE8D9E00035887 /* statistics */ = {
			isa = PBXGroup;
			children = (
				6AF31E751ACE8D9E00035887 /* StatisticsView.h */,
				6AF31E761ACE8D9E00035887 /* StatisticsView.m */,
				6AF31E771ACE8D9E00035887 /* StatisticsViewController.h */,
				6AF31E781ACE8D9E00035887 /* StatisticsViewController.m */,
			);
			path = statistics;
			sourceTree = "<group>";
		};
		6AF31E791ACE8D9E00035887 /* suggestion */ = {
			isa = PBXGroup;
			children = (
				6AF31E7A1ACE8D9E00035887 /* SuggestionView.h */,
				6AF31E7B1ACE8D9E00035887 /* SuggestionView.m */,
				6AF31E7C1ACE8D9E00035887 /* SuggestionViewController.h */,
				6AF31E7D1ACE8D9E00035887 /* SuggestionViewController.m */,
			);
			path = suggestion;
			sourceTree = "<group>";
		};
		6AF31F5B1ACE8F3300035887 /* template */ = {
			isa = PBXGroup;
			children = (
				6AF31F5C1ACE8F4000035887 /* TemplateViewController.h */,
				6AF31F5D1ACE8F4000035887 /* TemplateViewController.m */,
				6AF31F5F1ACE8F6300035887 /* TemplateView.h */,
				6AF31F601ACE8F6300035887 /* TemplateView.m */,
			);
			path = template;
			sourceTree = "<group>";
		};
		C244100E2D7E727F386AB3A7 /* Frameworks */ = {
			isa = PBXGroup;
			children = (
				6A3B27601B0B5C9F006E5AC4 /* UIKit.framework */,
				6A3B27611B0B5C9F006E5AC4 /* SystemConfiguration.framework */,
				6A3B27621B0B5C9F006E5AC4 /* StoreKit.framework */,
				6A3B27631B0B5C9F006E5AC4 /* Security.framework */,
				6A3B27641B0B5C9F006E5AC4 /* QuartzCore.framework */,
				6A3B27651B0B5C9F006E5AC4 /* MobileCoreServices.framework */,
				6A3B27661B0B5C9F006E5AC4 /* libstdc++.6.dylib */,
				6A3B27671B0B5C9F006E5AC4 /* libz.1.1.3.dylib */,
				6A3B27681B0B5C9F006E5AC4 /* libsqlite3.dylib */,
				6A3B27691B0B5C9F006E5AC4 /* Foundation.framework */,
				6A3B276A1B0B5C9F006E5AC4 /* CoreLocation.framework */,
				6A3B276B1B0B5C9F006E5AC4 /* CoreGraphics.framework */,
				6A3B276C1B0B5C9F006E5AC4 /* CFNetwork.framework */,
				6A3B276D1B0B5C9F006E5AC4 /* Social.framework */,
				6A3B276E1B0B5C9F006E5AC4 /* Accounts.framework */,
				6A3B276F1B0B5C9F006E5AC4 /* AdSupport.framework */,
				6A3B27701B0B5C9F006E5AC4 /* AudioToolbox.framework */,
				6A3B27711B0B5C9F006E5AC4 /* MessageUI.framework */,
				6A3B27521B0B5BD2006E5AC4 /* Social.framework */,
				6A3B274E1B0B5BBD006E5AC4 /* Accounts.framework */,
				6A3B274F1B0B5BBD006E5AC4 /* AdSupport.framework */,
				6ACB42321AD1A7AE00A917D6 /* MessageUI.framework */,
				C1C65E203CCB590CB5A92B3D /* libPods-AutoOmegle.a */,
			);
			name = Frameworks;
			sourceTree = "<group>";
		};
/* End PBXGroup section */

/* Begin PBXNativeTarget section */
		6A7931DC1AC998D5006E6345 /* AutoOmegle */ = {
			isa = PBXNativeTarget;
			buildConfigurationList = 6A7932001AC998D5006E6345 /* Build configuration list for PBXNativeTarget "AutoOmegle" */;
			buildPhases = (
				3B140E555B2DA6983498A9D8 /* Check Pods Manifest.lock */,
				6A7931D91AC998D5006E6345 /* Sources */,
				6A7931DA1AC998D5006E6345 /* Frameworks */,
				6A7931DB1AC998D5006E6345 /* Resources */,
				0687EB01454E4BADF33FAA18 /* Copy Pods Resources */,
				C1D19019FD3E2734CD153725 /* Embed Pods Frameworks */,
			);
			buildRules = (
			);
			dependencies = (
			);
			name = AutoOmegle;
			productName = AutoOmegle;
			productReference = 6A7931DD1AC998D5006E6345 /* AutoOmegle.app */;
			productType = "com.apple.product-type.application";
		};
		6A7931F51AC998D5006E6345 /* AutoOmegleTests */ = {
			isa = PBXNativeTarget;
			buildConfigurationList = 6A7932031AC998D5006E6345 /* Build configuration list for PBXNativeTarget "AutoOmegleTests" */;
			buildPhases = (
				6A7931F21AC998D5006E6345 /* Sources */,
				6A7931F31AC998D5006E6345 /* Frameworks */,
				6A7931F41AC998D5006E6345 /* Resources */,
			);
			buildRules = (
			);
			dependencies = (
				6A7931F81AC998D5006E6345 /* PBXTargetDependency */,
			);
			name = AutoOmegleTests;
			productName = AutoOmegleTests;
			productReference = 6A7931F61AC998D5006E6345 /* AutoOmegleTests.xctest */;
			productType = "com.apple.product-type.bundle.unit-test";
		};
/* End PBXNativeTarget section */

/* Begin PBXProject section */
		6A7931D51AC998D5006E6345 /* Project object */ = {
			isa = PBXProject;
			attributes = {
				LastUpgradeCheck = 0610;
				ORGANIZATIONNAME = cc;
				TargetAttributes = {
					6A7931DC1AC998D5006E6345 = {
						CreatedOnToolsVersion = 6.1.1;
						DevelopmentTeam = 5CNN55283J;
					};
					6A7931F51AC998D5006E6345 = {
						CreatedOnToolsVersion = 6.1.1;
						TestTargetID = 6A7931DC1AC998D5006E6345;
					};
				};
			};
			buildConfigurationList = 6A7931D81AC998D5006E6345 /* Build configuration list for PBXProject "AutoOmegle" */;
			compatibilityVersion = "Xcode 3.2";
			developmentRegion = English;
			hasScannedForEncodings = 0;
			knownRegions = (
				en,
				Base,
			);
			mainGroup = 6A7931D41AC998D5006E6345;
			productRefGroup = 6A7931DE1AC998D5006E6345 /* Products */;
			projectDirPath = "";
			projectRoot = "";
			targets = (
				6A7931DC1AC998D5006E6345 /* AutoOmegle */,
				6A7931F51AC998D5006E6345 /* AutoOmegleTests */,
			);
		};
/* End PBXProject section */

/* Begin PBXResourcesBuildPhase section */
		6A7931DB1AC998D5006E6345 /* Resources */ = {
			isa = PBXResourcesBuildPhase;
			buildActionMask = 2147483647;
			files = (
				6AF31EB61ACE8D9E00035887 /* moremenu@3x.png in Resources */,
				6AF31EA21ACE8D9E00035887 /* back@3x.png in Resources */,
				6AF31EBA1ACE8D9E00035887 /* search@3x.png in Resources */,
				6AF31E9A1ACE8D9E00035887 /* refresh@2x.png in Resources */,
				6AF31EC11ACE8D9E00035887 /* add.png in Resources */,
				6AF31ED51ACE8D9E00035887 /* icn_send.png in Resources */,
				6A8DC91E1C2E2C3600E120C7 /* templateLight.png in Resources */,
				6AF31ED81ACE8D9E00035887 /* moremenu.png in Resources */,
				6A8DC92F1C2E426B00E120C7 /* sharing.png in Resources */,
				6A8DC9291C2E426B00E120C7 /* chatlogs.png in Resources */,
				6A8DC91C1C2E2C3600E120C7 /* sendLight.png in Resources */,
				6AE712871C31E00C005BF72D /* boring.png in Resources */,
				6AF31E811ACE8D9E00035887 /* add@2x.png in Resources */,
				6A8DC92A1C2E426B00E120C7 /* chatsettings.png in Resources */,
				6AF31EA11ACE8D9E00035887 /* add@3x.png in Resources */,
				6AF31EA61ACE8D9E00035887 /* settings@3x.png in Resources */,
				6AF31EA31ACE8D9E00035887 /* btn_close@3x.png in Resources */,
				6AF31EAD1ACE8D9E00035887 /* detail_arrow@3x.png in Resources */,
				6A8DC91B1C2E2C3600E120C7 /* sendBold.png in Resources */,
				6AF31EC31ACE8D9E00035887 /* btn_close.png in Resources */,
				6AF31EAC1ACE8D9E00035887 /* delete@3x.png in Resources */,
				6AF31E971ACE8D9E00035887 /* moremenu@2x.png in Resources */,
				6AF31EB91ACE8D9E00035887 /* refresh@3x.png in Resources */,
				6AF31E871ACE8D9E00035887 /* settings@2x.png in Resources */,
				6A7931EC1AC998D5006E6345 /* Main.storyboard in Resources */,
				6A8DC92B1C2E426B00E120C7 /* chatting.png in Resources */,
				6A8DC91D1C2E2C3600E120C7 /* templateBold.png in Resources */,
				6AF31E821ACE8D9E00035887 /* back@2x.png in Resources */,
				6A8DC92E1C2E426B00E120C7 /* mailing.png in Resources */,
				6AF31ECE1ACE8D9E00035887 /* detail_arrow_white.png in Resources */,
				6AF31EDC1ACE8D9E00035887 /* search.png in Resources */,
				6A7931F11AC998D5006E6345 /* LaunchScreen.xib in Resources */,
				6AF31E831ACE8D9E00035887 /* btn_close@2x.png in Resources */,
				6AF31E951ACE8D9E00035887 /* info@2x.png in Resources */,
				6AF31EDD1ACE8D9E00035887 /* success.png in Resources */,
				6A8DC92C1C2E426B00E120C7 /* edittemplate.png in Resources */,
				6AF31ED61ACE8D9E00035887 /* info.png in Resources */,
				6AF31ECD1ACE8D9E00035887 /* delete.png in Resources */,
				6A8DC9301C2E426B00E120C7 /* statistics.png in Resources */,
				6A7931EE1AC998D5006E6345 /* Images.xcassets in Resources */,
				6AF31E9B1ACE8D9E00035887 /* search@2x.png in Resources */,
				6AF31E8E1ACE8D9E00035887 /* detail_arrow_white@2x.png in Resources */,
				6AF31EB51ACE8D9E00035887 /* mnu_info@3x.png in Resources */,
				6AF31EBF1ACE8D9E00035887 /* uparrow@3x.png in Resources */,
				6AF31ECC1ACE8D9E00035887 /* Deafult.png in Resources */,
				6AF31E8C1ACE8D9E00035887 /* Default@2x.png in Resources */,
				6AF31E8D1ACE8D9E00035887 /* delete@2x.png in Resources */,
				6AF31EDB1ACE8D9E00035887 /* refresh.png in Resources */,
				6AF31ED71ACE8D9E00035887 /* more_arrow.png in Resources */,
				6AF31E961ACE8D9E00035887 /* more_arrow@2x.png in Resources */,
				6AF31EC71ACE8D9E00035887 /* settings.png in Resources */,
				6AF31EC21ACE8D9E00035887 /* back.png in Resources */,
				6A8DC9201C2E2F4100E120C7 /* list.png in Resources */,
				6AF31E9F1ACE8D9E00035887 /* uparrow@2x.png in Resources */,
				6AF31EE01ACE8D9E00035887 /* uparrow.png in Resources */,
				6AF31EAB1ACE8D9E00035887 /* Default@3x.png in Resources */,
			);
			runOnlyForDeploymentPostprocessing = 0;
		};
		6A7931F41AC998D5006E6345 /* Resources */ = {
			isa = PBXResourcesBuildPhase;
			buildActionMask = 2147483647;
			files = (
			);
			runOnlyForDeploymentPostprocessing = 0;
		};
/* End PBXResourcesBuildPhase section */

/* Begin PBXShellScriptBuildPhase section */
		0687EB01454E4BADF33FAA18 /* Copy Pods Resources */ = {
			isa = PBXShellScriptBuildPhase;
			buildActionMask = 2147483647;
			files = (
			);
			inputPaths = (
			);
			name = "Copy Pods Resources";
			outputPaths = (
			);
			runOnlyForDeploymentPostprocessing = 0;
			shellPath = /bin/sh;
			shellScript = "\"${SRCROOT}/Pods/Target Support Files/Pods-AutoOmegle/Pods-AutoOmegle-resources.sh\"\n";
			showEnvVarsInLog = 0;
		};
		3B140E555B2DA6983498A9D8 /* Check Pods Manifest.lock */ = {
			isa = PBXShellScriptBuildPhase;
			buildActionMask = 2147483647;
			files = (
			);
			inputPaths = (
			);
			name = "Check Pods Manifest.lock";
			outputPaths = (
			);
			runOnlyForDeploymentPostprocessing = 0;
			shellPath = /bin/sh;
			shellScript = "diff \"${PODS_ROOT}/../Podfile.lock\" \"${PODS_ROOT}/Manifest.lock\" > /dev/null\nif [[ $? != 0 ]] ; then\n    cat << EOM\nerror: The sandbox is not in sync with the Podfile.lock. Run 'pod install' or update your CocoaPods installation.\nEOM\n    exit 1\nfi\n";
			showEnvVarsInLog = 0;
		};
		C1D19019FD3E2734CD153725 /* Embed Pods Frameworks */ = {
			isa = PBXShellScriptBuildPhase;
			buildActionMask = 2147483647;
			files = (
			);
			inputPaths = (
			);
			name = "Embed Pods Frameworks";
			outputPaths = (
			);
			runOnlyForDeploymentPostprocessing = 0;
			shellPath = /bin/sh;
			shellScript = "\"${SRCROOT}/Pods/Target Support Files/Pods-AutoOmegle/Pods-AutoOmegle-frameworks.sh\"\n";
			showEnvVarsInLog = 0;
		};
/* End PBXShellScriptBuildPhase section */

/* Begin PBXSourcesBuildPhase section */
		6A7931D91AC998D5006E6345 /* Sources */ = {
			isa = PBXSourcesBuildPhase;
			buildActionMask = 2147483647;
			files = (
				6AF31F501ACE8D9E00035887 /* ChatLogsViewController.m in Sources */,
				6AF31F531ACE8D9E00035887 /* SettingsView.m in Sources */,
				6A7932511AC999C0006E6345 /* CCBaseViewController.m in Sources */,
				6AF31F581ACE8D9E00035887 /* StatisticsViewController.m in Sources */,
				6AF31F571ACE8D9E00035887 /* StatisticsView.m in Sources */,
				6AF31F511ACE8D9E00035887 /* BoringView.m in Sources */,
				6AF31F551ACE8D9E00035887 /* ShareView.m in Sources */,
				6AF31D641ACE6C9D00035887 /* OmegleTextBox.m in Sources */,
				6A7931E61AC998D5006E6345 /* AppDelegate.m in Sources */,
				6A7932501AC999C0006E6345 /* CCBaseView.m in Sources */,
				6ACB422B1AD1521100A917D6 /* ViewController.m in Sources */,
				6AF31E7E1ACE8D9E00035887 /* AppData.m in Sources */,
				6A7932521AC999C0006E6345 /* CCWindow.m in Sources */,
				6AF31E7F1ACE8D9E00035887 /* MenuList.m in Sources */,
				6AF31F521ACE8D9E00035887 /* BoringViewController.m in Sources */,
				6AF31F541ACE8D9E00035887 /* SettingsViewController.m in Sources */,
				6AF31F5A1ACE8D9E00035887 /* SuggestionViewController.m in Sources */,
				6A7931E31AC998D5006E6345 /* main.m in Sources */,
				6AF31F611ACE8F6300035887 /* TemplateView.m in Sources */,
				6A79324E1AC999C0006E6345 /* BaseViewController.m in Sources */,
				6AF31F4F1ACE8D9E00035887 /* ChatLogsView.m in Sources */,
				6AF31F591ACE8D9E00035887 /* SuggestionView.m in Sources */,
				6AF31F5E1ACE8F4000035887 /* TemplateViewController.m in Sources */,
				6A7932531AC999C0006E6345 /* MainViewController.m in Sources */,
				6A7932551AC999C0006E6345 /* Reachability.m in Sources */,
				6AF31F561ACE8D9E00035887 /* ShareViewController.m in Sources */,
				6A79324F1AC999C0006E6345 /* CCAlertView.m in Sources */,
				6AF31F4E1ACE8D9E00035887 /* ChatHomeViewController.m in Sources */,
				6A7932561AC999C0006E6345 /* TTTAttributedLabel.m in Sources */,
				6AF31F4D1ACE8D9E00035887 /* ChatHomeView.m in Sources */,
				6A22D9EC1C281AA800B462CD /* iToast.m in Sources */,
				6A79324D1AC999C0006E6345 /* BaseView.m in Sources */,
				6AF31E801ACE8D9E00035887 /* MenuView.m in Sources */,
			);
			runOnlyForDeploymentPostprocessing = 0;
		};
		6A7931F21AC998D5006E6345 /* Sources */ = {
			isa = PBXSourcesBuildPhase;
			buildActionMask = 2147483647;
			files = (
				6A7931FD1AC998D5006E6345 /* AutoOmegleTests.m in Sources */,
			);
			runOnlyForDeploymentPostprocessing = 0;
		};
/* End PBXSourcesBuildPhase section */

/* Begin PBXTargetDependency section */
		6A7931F81AC998D5006E6345 /* PBXTargetDependency */ = {
			isa = PBXTargetDependency;
			target = 6A7931DC1AC998D5006E6345 /* AutoOmegle */;
			targetProxy = 6A7931F71AC998D5006E6345 /* PBXContainerItemProxy */;
		};
/* End PBXTargetDependency section */

/* Begin PBXVariantGroup section */
		6A7931EA1AC998D5006E6345 /* Main.storyboard */ = {
			isa = PBXVariantGroup;
			children = (
				6A7931EB1AC998D5006E6345 /* Base */,
			);
			name = Main.storyboard;
			sourceTree = "<group>";
		};
		6A7931EF1AC998D5006E6345 /* LaunchScreen.xib */ = {
			isa = PBXVariantGroup;
			children = (
				6A7931F01AC998D5006E6345 /* Base */,
			);
			name = LaunchScreen.xib;
			sourceTree = "<group>";
		};
/* End PBXVariantGroup section */

/* Begin XCBuildConfiguration section */
		6A7931FE1AC998D5006E6345 /* Debug */ = {
			isa = XCBuildConfiguration;
			buildSettings = {
				ALWAYS_SEARCH_USER_PATHS = NO;
				CLANG_CXX_LANGUAGE_STANDARD = "gnu++0x";
				CLANG_CXX_LIBRARY = "libc++";
				CLANG_ENABLE_MODULES = YES;
				CLANG_ENABLE_OBJC_ARC = YES;
				CLANG_WARN_BOOL_CONVERSION = YES;
				CLANG_WARN_CONSTANT_CONVERSION = YES;
				CLANG_WARN_DIRECT_OBJC_ISA_USAGE = YES_ERROR;
				CLANG_WARN_EMPTY_BODY = YES;
				CLANG_WARN_ENUM_CONVERSION = YES;
				CLANG_WARN_INT_CONVERSION = YES;
				CLANG_WARN_OBJC_ROOT_CLASS = YES_ERROR;
				CLANG_WARN_UNREACHABLE_CODE = YES;
				CLANG_WARN__DUPLICATE_METHOD_MATCH = YES;
				"CODE_SIGN_IDENTITY[sdk=iphoneos*]" = "iPhone Developer";
				COPY_PHASE_STRIP = NO;
				ENABLE_STRICT_OBJC_MSGSEND = YES;
				GCC_C_LANGUAGE_STANDARD = gnu99;
				GCC_DYNAMIC_NO_PIC = NO;
				GCC_OPTIMIZATION_LEVEL = 0;
				GCC_PREPROCESSOR_DEFINITIONS = (
					"DEBUG=1",
					"$(inherited)",
				);
				GCC_SYMBOLS_PRIVATE_EXTERN = NO;
				GCC_WARN_64_TO_32_BIT_CONVERSION = YES;
				GCC_WARN_ABOUT_RETURN_TYPE = YES_ERROR;
				GCC_WARN_UNDECLARED_SELECTOR = YES;
				GCC_WARN_UNINITIALIZED_AUTOS = YES_AGGRESSIVE;
				GCC_WARN_UNUSED_FUNCTION = YES;
				GCC_WARN_UNUSED_VARIABLE = YES;
				IPHONEOS_DEPLOYMENT_TARGET = 8.1;
				MTL_ENABLE_DEBUG_INFO = YES;
				ONLY_ACTIVE_ARCH = YES;
				SDKROOT = iphoneos;
			};
			name = Debug;
		};
		6A7931FF1AC998D5006E6345 /* Release */ = {
			isa = XCBuildConfiguration;
			buildSettings = {
				ALWAYS_SEARCH_USER_PATHS = NO;
				CLANG_CXX_LANGUAGE_STANDARD = "gnu++0x";
				CLANG_CXX_LIBRARY = "libc++";
				CLANG_ENABLE_MODULES = YES;
				CLANG_ENABLE_OBJC_ARC = YES;
				CLANG_WARN_BOOL_CONVERSION = YES;
				CLANG_WARN_CONSTANT_CONVERSION = YES;
				CLANG_WARN_DIRECT_OBJC_ISA_USAGE = YES_ERROR;
				CLANG_WARN_EMPTY_BODY = YES;
				CLANG_WARN_ENUM_CONVERSION = YES;
				CLANG_WARN_INT_CONVERSION = YES;
				CLANG_WARN_OBJC_ROOT_CLASS = YES_ERROR;
				CLANG_WARN_UNREACHABLE_CODE = YES;
				CLANG_WARN__DUPLICATE_METHOD_MATCH = YES;
				"CODE_SIGN_IDENTITY[sdk=iphoneos*]" = "iPhone Developer";
				COPY_PHASE_STRIP = YES;
				ENABLE_NS_ASSERTIONS = NO;
				ENABLE_STRICT_OBJC_MSGSEND = YES;
				GCC_C_LANGUAGE_STANDARD = gnu99;
				GCC_WARN_64_TO_32_BIT_CONVERSION = YES;
				GCC_WARN_ABOUT_RETURN_TYPE = YES_ERROR;
				GCC_WARN_UNDECLARED_SELECTOR = YES;
				GCC_WARN_UNINITIALIZED_AUTOS = YES_AGGRESSIVE;
				GCC_WARN_UNUSED_FUNCTION = YES;
				GCC_WARN_UNUSED_VARIABLE = YES;
				IPHONEOS_DEPLOYMENT_TARGET = 8.1;
				MTL_ENABLE_DEBUG_INFO = NO;
				SDKROOT = iphoneos;
				VALIDATE_PRODUCT = YES;
			};
			name = Release;
		};
		6A7932011AC998D5006E6345 /* Debug */ = {
			isa = XCBuildConfiguration;
			baseConfigurationReference = 76867A45F80BFA885DFE9764 /* Pods-AutoOmegle.debug.xcconfig */;
			buildSettings = {
				ASSETCATALOG_COMPILER_APPICON_NAME = AppIcon;
				CODE_SIGN_IDENTITY = "iPhone Distribution: Market Simplified Inc";
				"CODE_SIGN_IDENTITY[sdk=iphoneos*]" = "iPhone Distribution: Market Simplified Inc";
				ENABLE_BITCODE = NO;
				FRAMEWORK_SEARCH_PATHS = (
					"$(inherited)",
					"$(PROJECT_DIR)",
				);
				INFOPLIST_FILE = AutoOmegle/Info.plist;
				IPHONEOS_DEPLOYMENT_TARGET = 7.1;
				LD_RUNPATH_SEARCH_PATHS = "$(inherited) @executable_path/Frameworks";
				LIBRARY_SEARCH_PATHS = (
					"$(inherited)",
					"$(PROJECT_DIR)",
				);
				OTHER_LDFLAGS = "";
				PRODUCT_NAME = "$(TARGET_NAME)";
				PROVISIONING_PROFILE = "f00535f1-6744-4dcb-be22-2c7e53b0d1be";
				VALID_ARCHS = "arm64 armv7s armv7";
			};
			name = Debug;
		};
		6A7932021AC998D5006E6345 /* Release */ = {
			isa = XCBuildConfiguration;
			baseConfigurationReference = A2ED1A3C74108A8068E5C11C /* Pods-AutoOmegle.release.xcconfig */;
			buildSettings = {
				ASSETCATALOG_COMPILER_APPICON_NAME = AppIcon;
				CODE_SIGN_IDENTITY = "iPhone Distribution: Market Simplified Inc";
				"CODE_SIGN_IDENTITY[sdk=iphoneos*]" = "iPhone Distribution: Market Simplified Inc";
				ENABLE_BITCODE = NO;
				FRAMEWORK_SEARCH_PATHS = (
					"$(inherited)",
					"$(PROJECT_DIR)",
				);
				INFOPLIST_FILE = AutoOmegle/Info.plist;
				IPHONEOS_DEPLOYMENT_TARGET = 7.1;
				LD_RUNPATH_SEARCH_PATHS = "$(inherited) @executable_path/Frameworks";
				LIBRARY_SEARCH_PATHS = (
					"$(inherited)",
					"$(PROJECT_DIR)",
				);
				OTHER_LDFLAGS = "";
				PRODUCT_NAME = "$(TARGET_NAME)";
				PROVISIONING_PROFILE = "f00535f1-6744-4dcb-be22-2c7e53b0d1be";
				VALID_ARCHS = "arm64 armv7s armv7";
			};
			name = Release;
		};
		6A7932041AC998D5006E6345 /* Debug */ = {
			isa = XCBuildConfiguration;
			buildSettings = {
				BUNDLE_LOADER = "$(TEST_HOST)";
				FRAMEWORK_SEARCH_PATHS = (
					"$(SDKROOT)/Developer/Library/Frameworks",
					"$(inherited)",
				);
				GCC_PREPROCESSOR_DEFINITIONS = (
					"DEBUG=1",
					"$(inherited)",
				);
				INFOPLIST_FILE = AutoOmegleTests/Info.plist;
				LD_RUNPATH_SEARCH_PATHS = "$(inherited) @executable_path/Frameworks @loader_path/Frameworks";
				PRODUCT_NAME = "$(TARGET_NAME)";
				TEST_HOST = "$(BUILT_PRODUCTS_DIR)/AutoOmegle.app/AutoOmegle";
			};
			name = Debug;
		};
		6A7932051AC998D5006E6345 /* Release */ = {
			isa = XCBuildConfiguration;
			buildSettings = {
				BUNDLE_LOADER = "$(TEST_HOST)";
				FRAMEWORK_SEARCH_PATHS = (
					"$(SDKROOT)/Developer/Library/Frameworks",
					"$(inherited)",
				);
				INFOPLIST_FILE = AutoOmegleTests/Info.plist;
				LD_RUNPATH_SEARCH_PATHS = "$(inherited) @executable_path/Frameworks @loader_path/Frameworks";
				PRODUCT_NAME = "$(TARGET_NAME)";
				TEST_HOST = "$(BUILT_PRODUCTS_DIR)/AutoOmegle.app/AutoOmegle";
			};
			name = Release;
		};
/* End XCBuildConfiguration section */

/* Begin XCConfigurationList section */
		6A7931D81AC998D5006E6345 /* Build configuration list for PBXProject "AutoOmegle" */ = {
			isa = XCConfigurationList;
			buildConfigurations = (
				6A7931FE1AC998D5006E6345 /* Debug */,
				6A7931FF1AC998D5006E6345 /* Release */,
			);
			defaultConfigurationIsVisible = 0;
			defaultConfigurationName = Release;
		};
		6A7932001AC998D5006E6345 /* Build configuration list for PBXNativeTarget "AutoOmegle" */ = {
			isa = XCConfigurationList;
			buildConfigurations = (
				6A7932011AC998D5006E6345 /* Debug */,
				6A7932021AC998D5006E6345 /* Release */,
			);
			defaultConfigurationIsVisible = 0;
			defaultConfigurationName = Release;
		};
		6A7932031AC998D5006E6345 /* Build configuration list for PBXNativeTarget "AutoOmegleTests" */ = {
			isa = XCConfigurationList;
			buildConfigurations = (
				6A7932041AC998D5006E6345 /* Debug */,
				6A7932051AC998D5006E6345 /* Release */,
			);
			defaultConfigurationIsVisible = 0;
			defaultConfigurationName = Release;
		};
/* End XCConfigurationList section */
	};
	rootObject = 6A7931D51AC998D5006E6345 /* Project object */;
}
